// !$*UTF8*$!
{
	archiveVersion = 1;
	classes = {
	};
	objectVersion = 47;
	objects = {

/* Begin PBXBuildFile section */
		1B4939671E9E34100005452A /* Result.swift in Sources */ = {isa = PBXBuildFile; fileRef = 1B4939661E9E34100005452A /* Result.swift */; };
		1B6E870D1E9ADB540063D5EB /* Receiver.swift in Sources */ = {isa = PBXBuildFile; fileRef = 1B6E86DF1E9ADB540063D5EB /* Receiver.swift */; };
		1B6E87101E9ADB540063D5EB /* Observable.swift in Sources */ = {isa = PBXBuildFile; fileRef = 1B6E86E21E9ADB540063D5EB /* Observable.swift */; };
		1B6E87111E9ADB540063D5EB /* Observable+Binding.swift in Sources */ = {isa = PBXBuildFile; fileRef = 1B6E86E31E9ADB540063D5EB /* Observable+Binding.swift */; };
		1B6E87121E9ADB540063D5EB /* Observable+Buffering.swift in Sources */ = {isa = PBXBuildFile; fileRef = 1B6E86E41E9ADB540063D5EB /* Observable+Buffering.swift */; };
		1B6E87131E9ADB540063D5EB /* Observable+Combining.swift in Sources */ = {isa = PBXBuildFile; fileRef = 1B6E86E51E9ADB540063D5EB /* Observable+Combining.swift */; };
		1B6E87141E9ADB540063D5EB /* Observable+Dispatch.swift in Sources */ = {isa = PBXBuildFile; fileRef = 1B6E86E61E9ADB540063D5EB /* Observable+Dispatch.swift */; };
		1B6E87151E9ADB540063D5EB /* Observable+Filtering.swift in Sources */ = {isa = PBXBuildFile; fileRef = 1B6E86E71E9ADB540063D5EB /* Observable+Filtering.swift */; };
		1B6E87161E9ADB540063D5EB /* Observable+FlatMap.swift in Sources */ = {isa = PBXBuildFile; fileRef = 1B6E86E81E9ADB540063D5EB /* Observable+FlatMap.swift */; };
		1B6E87181E9ADB540063D5EB /* Observable+Logging.swift in Sources */ = {isa = PBXBuildFile; fileRef = 1B6E86EA1E9ADB540063D5EB /* Observable+Logging.swift */; };
		1B6E87191E9ADB540063D5EB /* Observable+Math.swift in Sources */ = {isa = PBXBuildFile; fileRef = 1B6E86EB1E9ADB540063D5EB /* Observable+Math.swift */; };
		1B6E871A1E9ADB540063D5EB /* Observable+Optional.swift in Sources */ = {isa = PBXBuildFile; fileRef = 1B6E86EC1E9ADB540063D5EB /* Observable+Optional.swift */; };
		1B6E871B1E9ADB540063D5EB /* Observable+Result.swift in Sources */ = {isa = PBXBuildFile; fileRef = 1B6E86ED1E9ADB540063D5EB /* Observable+Result.swift */; };
		1B6E871D1E9ADB540063D5EB /* Observable+Transforming.swift in Sources */ = {isa = PBXBuildFile; fileRef = 1B6E86EF1E9ADB540063D5EB /* Observable+Transforming.swift */; };
		1B6E871E1E9ADB540063D5EB /* Property.swift in Sources */ = {isa = PBXBuildFile; fileRef = 1B6E86F01E9ADB540063D5EB /* Property.swift */; };
		1B6E87211E9ADB540063D5EB /* Signal.swift in Sources */ = {isa = PBXBuildFile; fileRef = 1B6E86F31E9ADB540063D5EB /* Signal.swift */; };
		1B6E87221E9ADB540063D5EB /* State.swift in Sources */ = {isa = PBXBuildFile; fileRef = 1B6E86F41E9ADB540063D5EB /* State.swift */; };
		1B6E87261E9ADB540063D5EB /* Tuples+Repack.swift in Sources */ = {isa = PBXBuildFile; fileRef = 1B6E86F81E9ADB540063D5EB /* Tuples+Repack.swift */; };
		1B6E87281E9ADB540063D5EB /* UIActivityIndicatorView.swift in Sources */ = {isa = PBXBuildFile; fileRef = 1B6E86FB1E9ADB540063D5EB /* UIActivityIndicatorView.swift */; };
		1B6E87291E9ADB540063D5EB /* UIBarButtonItem.swift in Sources */ = {isa = PBXBuildFile; fileRef = 1B6E86FC1E9ADB540063D5EB /* UIBarButtonItem.swift */; };
		1B6E872A1E9ADB540063D5EB /* UIBarItem.swift in Sources */ = {isa = PBXBuildFile; fileRef = 1B6E86FD1E9ADB540063D5EB /* UIBarItem.swift */; };
		1B6E872B1E9ADB540063D5EB /* UIButton.swift in Sources */ = {isa = PBXBuildFile; fileRef = 1B6E86FE1E9ADB540063D5EB /* UIButton.swift */; };
		1B6E872C1E9ADB540063D5EB /* UIControl.swift in Sources */ = {isa = PBXBuildFile; fileRef = 1B6E86FF1E9ADB540063D5EB /* UIControl.swift */; };
		1B6E872D1E9ADB540063D5EB /* UIGestureRecognizer.swift in Sources */ = {isa = PBXBuildFile; fileRef = 1B6E87001E9ADB540063D5EB /* UIGestureRecognizer.swift */; };
		1B6E872E1E9ADB540063D5EB /* UIImageView.swift in Sources */ = {isa = PBXBuildFile; fileRef = 1B6E87011E9ADB540063D5EB /* UIImageView.swift */; };
		1B6E872F1E9ADB540063D5EB /* UILabel.swift in Sources */ = {isa = PBXBuildFile; fileRef = 1B6E87021E9ADB540063D5EB /* UILabel.swift */; };
		1B6E87301E9ADB540063D5EB /* UIProgressView.swift in Sources */ = {isa = PBXBuildFile; fileRef = 1B6E87031E9ADB540063D5EB /* UIProgressView.swift */; };
		1B6E87311E9ADB540063D5EB /* UIRefreshControl.swift in Sources */ = {isa = PBXBuildFile; fileRef = 1B6E87041E9ADB540063D5EB /* UIRefreshControl.swift */; };
		1B6E87321E9ADB540063D5EB /* UISegmentedControl.swift in Sources */ = {isa = PBXBuildFile; fileRef = 1B6E87051E9ADB540063D5EB /* UISegmentedControl.swift */; };
		1B6E87331E9ADB540063D5EB /* UISlider.swift in Sources */ = {isa = PBXBuildFile; fileRef = 1B6E87061E9ADB540063D5EB /* UISlider.swift */; };
		1B6E87341E9ADB540063D5EB /* UIStepper.swift in Sources */ = {isa = PBXBuildFile; fileRef = 1B6E87071E9ADB540063D5EB /* UIStepper.swift */; };
		1B6E87351E9ADB540063D5EB /* UISwitch.swift in Sources */ = {isa = PBXBuildFile; fileRef = 1B6E87081E9ADB540063D5EB /* UISwitch.swift */; };
		1B6E87361E9ADB540063D5EB /* UITextField.swift in Sources */ = {isa = PBXBuildFile; fileRef = 1B6E87091E9ADB540063D5EB /* UITextField.swift */; };
		1B6E87371E9ADB540063D5EB /* UITextView.swift in Sources */ = {isa = PBXBuildFile; fileRef = 1B6E870A1E9ADB540063D5EB /* UITextView.swift */; };
		1B6E87391E9ADB540063D5EB /* UIView.swift in Sources */ = {isa = PBXBuildFile; fileRef = 1B6E870C1E9ADB540063D5EB /* UIView.swift */; };
		1B6E87441E9ADC1D0063D5EB /* Receiver.swift in Sources */ = {isa = PBXBuildFile; fileRef = 1B6E86DF1E9ADB540063D5EB /* Receiver.swift */; };
		1B6E87461E9ADC1D0063D5EB /* Observable.swift in Sources */ = {isa = PBXBuildFile; fileRef = 1B6E86E21E9ADB540063D5EB /* Observable.swift */; };
		1B6E87471E9ADC1D0063D5EB /* Property.swift in Sources */ = {isa = PBXBuildFile; fileRef = 1B6E86F01E9ADB540063D5EB /* Property.swift */; };
		1B6E87481E9ADC1D0063D5EB /* Signal.swift in Sources */ = {isa = PBXBuildFile; fileRef = 1B6E86F31E9ADB540063D5EB /* Signal.swift */; };
		1B6E87491E9ADC1D0063D5EB /* State.swift in Sources */ = {isa = PBXBuildFile; fileRef = 1B6E86F41E9ADB540063D5EB /* State.swift */; };
		1B6E874F1E9ADC1E0063D5EB /* Receiver.swift in Sources */ = {isa = PBXBuildFile; fileRef = 1B6E86DF1E9ADB540063D5EB /* Receiver.swift */; };
		1B6E87511E9ADC1E0063D5EB /* Observable.swift in Sources */ = {isa = PBXBuildFile; fileRef = 1B6E86E21E9ADB540063D5EB /* Observable.swift */; };
		1B6E87521E9ADC1E0063D5EB /* Property.swift in Sources */ = {isa = PBXBuildFile; fileRef = 1B6E86F01E9ADB540063D5EB /* Property.swift */; };
		1B6E87531E9ADC1E0063D5EB /* Signal.swift in Sources */ = {isa = PBXBuildFile; fileRef = 1B6E86F31E9ADB540063D5EB /* Signal.swift */; };
		1B6E87541E9ADC1E0063D5EB /* State.swift in Sources */ = {isa = PBXBuildFile; fileRef = 1B6E86F41E9ADB540063D5EB /* State.swift */; };
		1B6E875A1E9ADC1E0063D5EB /* Receiver.swift in Sources */ = {isa = PBXBuildFile; fileRef = 1B6E86DF1E9ADB540063D5EB /* Receiver.swift */; };
		1B6E875C1E9ADC1E0063D5EB /* Observable.swift in Sources */ = {isa = PBXBuildFile; fileRef = 1B6E86E21E9ADB540063D5EB /* Observable.swift */; };
		1B6E875D1E9ADC1E0063D5EB /* Property.swift in Sources */ = {isa = PBXBuildFile; fileRef = 1B6E86F01E9ADB540063D5EB /* Property.swift */; };
		1B6E875E1E9ADC1E0063D5EB /* Signal.swift in Sources */ = {isa = PBXBuildFile; fileRef = 1B6E86F31E9ADB540063D5EB /* Signal.swift */; };
		1B6E875F1E9ADC1E0063D5EB /* State.swift in Sources */ = {isa = PBXBuildFile; fileRef = 1B6E86F41E9ADB540063D5EB /* State.swift */; };
		1B6E87671E9ADC220063D5EB /* Jetpack.swift in Sources */ = {isa = PBXBuildFile; fileRef = 52D6D9961BEFF375002C0205 /* Jetpack.swift */; };
		1B6E87691E9ADC220063D5EB /* Tuples+Repack.swift in Sources */ = {isa = PBXBuildFile; fileRef = 1B6E86F81E9ADB540063D5EB /* Tuples+Repack.swift */; };
		1B6E876B1E9ADC230063D5EB /* Tuples+Repack.swift in Sources */ = {isa = PBXBuildFile; fileRef = 1B6E86F81E9ADB540063D5EB /* Tuples+Repack.swift */; };
		1B6E876D1E9ADC230063D5EB /* Tuples+Repack.swift in Sources */ = {isa = PBXBuildFile; fileRef = 1B6E86F81E9ADB540063D5EB /* Tuples+Repack.swift */; };
		1B6E876E1E9ADC270063D5EB /* Observable+Binding.swift in Sources */ = {isa = PBXBuildFile; fileRef = 1B6E86E31E9ADB540063D5EB /* Observable+Binding.swift */; };
		1B6E876F1E9ADC270063D5EB /* Observable+Buffering.swift in Sources */ = {isa = PBXBuildFile; fileRef = 1B6E86E41E9ADB540063D5EB /* Observable+Buffering.swift */; };
		1B6E87701E9ADC270063D5EB /* Observable+Combining.swift in Sources */ = {isa = PBXBuildFile; fileRef = 1B6E86E51E9ADB540063D5EB /* Observable+Combining.swift */; };
		1B6E87711E9ADC270063D5EB /* Observable+Dispatch.swift in Sources */ = {isa = PBXBuildFile; fileRef = 1B6E86E61E9ADB540063D5EB /* Observable+Dispatch.swift */; };
		1B6E87721E9ADC270063D5EB /* Observable+Filtering.swift in Sources */ = {isa = PBXBuildFile; fileRef = 1B6E86E71E9ADB540063D5EB /* Observable+Filtering.swift */; };
		1B6E87731E9ADC270063D5EB /* Observable+FlatMap.swift in Sources */ = {isa = PBXBuildFile; fileRef = 1B6E86E81E9ADB540063D5EB /* Observable+FlatMap.swift */; };
		1B6E87751E9ADC270063D5EB /* Observable+Logging.swift in Sources */ = {isa = PBXBuildFile; fileRef = 1B6E86EA1E9ADB540063D5EB /* Observable+Logging.swift */; };
		1B6E87761E9ADC270063D5EB /* Observable+Math.swift in Sources */ = {isa = PBXBuildFile; fileRef = 1B6E86EB1E9ADB540063D5EB /* Observable+Math.swift */; };
		1B6E87771E9ADC270063D5EB /* Observable+Optional.swift in Sources */ = {isa = PBXBuildFile; fileRef = 1B6E86EC1E9ADB540063D5EB /* Observable+Optional.swift */; };
		1B6E87781E9ADC270063D5EB /* Observable+Result.swift in Sources */ = {isa = PBXBuildFile; fileRef = 1B6E86ED1E9ADB540063D5EB /* Observable+Result.swift */; };
		1B6E877A1E9ADC270063D5EB /* Observable+Transforming.swift in Sources */ = {isa = PBXBuildFile; fileRef = 1B6E86EF1E9ADB540063D5EB /* Observable+Transforming.swift */; };
		1B6E877B1E9ADC270063D5EB /* Observable+Binding.swift in Sources */ = {isa = PBXBuildFile; fileRef = 1B6E86E31E9ADB540063D5EB /* Observable+Binding.swift */; };
		1B6E877C1E9ADC270063D5EB /* Observable+Buffering.swift in Sources */ = {isa = PBXBuildFile; fileRef = 1B6E86E41E9ADB540063D5EB /* Observable+Buffering.swift */; };
		1B6E877D1E9ADC270063D5EB /* Observable+Combining.swift in Sources */ = {isa = PBXBuildFile; fileRef = 1B6E86E51E9ADB540063D5EB /* Observable+Combining.swift */; };
		1B6E877E1E9ADC270063D5EB /* Observable+Dispatch.swift in Sources */ = {isa = PBXBuildFile; fileRef = 1B6E86E61E9ADB540063D5EB /* Observable+Dispatch.swift */; };
		1B6E877F1E9ADC270063D5EB /* Observable+Filtering.swift in Sources */ = {isa = PBXBuildFile; fileRef = 1B6E86E71E9ADB540063D5EB /* Observable+Filtering.swift */; };
		1B6E87801E9ADC270063D5EB /* Observable+FlatMap.swift in Sources */ = {isa = PBXBuildFile; fileRef = 1B6E86E81E9ADB540063D5EB /* Observable+FlatMap.swift */; };
		1B6E87821E9ADC270063D5EB /* Observable+Logging.swift in Sources */ = {isa = PBXBuildFile; fileRef = 1B6E86EA1E9ADB540063D5EB /* Observable+Logging.swift */; };
		1B6E87831E9ADC270063D5EB /* Observable+Math.swift in Sources */ = {isa = PBXBuildFile; fileRef = 1B6E86EB1E9ADB540063D5EB /* Observable+Math.swift */; };
		1B6E87841E9ADC270063D5EB /* Observable+Optional.swift in Sources */ = {isa = PBXBuildFile; fileRef = 1B6E86EC1E9ADB540063D5EB /* Observable+Optional.swift */; };
		1B6E87851E9ADC270063D5EB /* Observable+Result.swift in Sources */ = {isa = PBXBuildFile; fileRef = 1B6E86ED1E9ADB540063D5EB /* Observable+Result.swift */; };
		1B6E87871E9ADC280063D5EB /* Observable+Transforming.swift in Sources */ = {isa = PBXBuildFile; fileRef = 1B6E86EF1E9ADB540063D5EB /* Observable+Transforming.swift */; };
		1B6E87881E9ADC280063D5EB /* Observable+Binding.swift in Sources */ = {isa = PBXBuildFile; fileRef = 1B6E86E31E9ADB540063D5EB /* Observable+Binding.swift */; };
		1B6E87891E9ADC280063D5EB /* Observable+Buffering.swift in Sources */ = {isa = PBXBuildFile; fileRef = 1B6E86E41E9ADB540063D5EB /* Observable+Buffering.swift */; };
		1B6E878A1E9ADC280063D5EB /* Observable+Combining.swift in Sources */ = {isa = PBXBuildFile; fileRef = 1B6E86E51E9ADB540063D5EB /* Observable+Combining.swift */; };
		1B6E878B1E9ADC280063D5EB /* Observable+Dispatch.swift in Sources */ = {isa = PBXBuildFile; fileRef = 1B6E86E61E9ADB540063D5EB /* Observable+Dispatch.swift */; };
		1B6E878C1E9ADC280063D5EB /* Observable+Filtering.swift in Sources */ = {isa = PBXBuildFile; fileRef = 1B6E86E71E9ADB540063D5EB /* Observable+Filtering.swift */; };
		1B6E878D1E9ADC280063D5EB /* Observable+FlatMap.swift in Sources */ = {isa = PBXBuildFile; fileRef = 1B6E86E81E9ADB540063D5EB /* Observable+FlatMap.swift */; };
		1B6E878F1E9ADC280063D5EB /* Observable+Logging.swift in Sources */ = {isa = PBXBuildFile; fileRef = 1B6E86EA1E9ADB540063D5EB /* Observable+Logging.swift */; };
		1B6E87901E9ADC280063D5EB /* Observable+Math.swift in Sources */ = {isa = PBXBuildFile; fileRef = 1B6E86EB1E9ADB540063D5EB /* Observable+Math.swift */; };
		1B6E87911E9ADC280063D5EB /* Observable+Optional.swift in Sources */ = {isa = PBXBuildFile; fileRef = 1B6E86EC1E9ADB540063D5EB /* Observable+Optional.swift */; };
		1B6E87921E9ADC280063D5EB /* Observable+Result.swift in Sources */ = {isa = PBXBuildFile; fileRef = 1B6E86ED1E9ADB540063D5EB /* Observable+Result.swift */; };
		1B6E87941E9ADC280063D5EB /* Observable+Transforming.swift in Sources */ = {isa = PBXBuildFile; fileRef = 1B6E86EF1E9ADB540063D5EB /* Observable+Transforming.swift */; };
		1B6E879F1E9CD7C90063D5EB /* AppDelegate.swift in Sources */ = {isa = PBXBuildFile; fileRef = 1B6E879E1E9CD7C90063D5EB /* AppDelegate.swift */; };
		1B6E87A11E9CD7C90063D5EB /* ViewController.swift in Sources */ = {isa = PBXBuildFile; fileRef = 1B6E87A01E9CD7C90063D5EB /* ViewController.swift */; };
		1B6E87A41E9CD7C90063D5EB /* Main.storyboard in Resources */ = {isa = PBXBuildFile; fileRef = 1B6E87A21E9CD7C90063D5EB /* Main.storyboard */; };
		1B6E87A61E9CD7C90063D5EB /* Assets.xcassets in Resources */ = {isa = PBXBuildFile; fileRef = 1B6E87A51E9CD7C90063D5EB /* Assets.xcassets */; };
		1B6E87A91E9CD7C90063D5EB /* LaunchScreen.storyboard in Resources */ = {isa = PBXBuildFile; fileRef = 1B6E87A71E9CD7C90063D5EB /* LaunchScreen.storyboard */; };
		1B6E87BB1E9CEA950063D5EB /* Observer.swift in Sources */ = {isa = PBXBuildFile; fileRef = 1B6E87BA1E9CEA950063D5EB /* Observer.swift */; };
		1B6E87E71E9E15E30063D5EB /* UIView+Task.swift in Sources */ = {isa = PBXBuildFile; fileRef = 1B6E87E61E9E15E30063D5EB /* UIView+Task.swift */; };
		1B6E87E91E9E15E30063D5EB /* UIView+Task.swift in Sources */ = {isa = PBXBuildFile; fileRef = 1B6E87E61E9E15E30063D5EB /* UIView+Task.swift */; };
		1B6E87EB1E9E15E90063D5EB /* UIView.swift in Sources */ = {isa = PBXBuildFile; fileRef = 1B6E870C1E9ADB540063D5EB /* UIView.swift */; };
		1B6E87FC1E9E15F20063D5EB /* UIActivityIndicatorView.swift in Sources */ = {isa = PBXBuildFile; fileRef = 1B6E86FB1E9ADB540063D5EB /* UIActivityIndicatorView.swift */; };
		1B6E87FD1E9E15F20063D5EB /* UIBarButtonItem.swift in Sources */ = {isa = PBXBuildFile; fileRef = 1B6E86FC1E9ADB540063D5EB /* UIBarButtonItem.swift */; };
		1B6E87FE1E9E15F20063D5EB /* UIBarItem.swift in Sources */ = {isa = PBXBuildFile; fileRef = 1B6E86FD1E9ADB540063D5EB /* UIBarItem.swift */; };
		1B6E87FF1E9E15F20063D5EB /* UIControl.swift in Sources */ = {isa = PBXBuildFile; fileRef = 1B6E86FF1E9ADB540063D5EB /* UIControl.swift */; };
		1B6E88001E9E15F20063D5EB /* UIButton.swift in Sources */ = {isa = PBXBuildFile; fileRef = 1B6E86FE1E9ADB540063D5EB /* UIButton.swift */; };
		1B6E88011E9E15F20063D5EB /* UIGestureRecognizer.swift in Sources */ = {isa = PBXBuildFile; fileRef = 1B6E87001E9ADB540063D5EB /* UIGestureRecognizer.swift */; };
		1B6E88021E9E15F20063D5EB /* UIImageView.swift in Sources */ = {isa = PBXBuildFile; fileRef = 1B6E87011E9ADB540063D5EB /* UIImageView.swift */; };
		1B6E88031E9E15F20063D5EB /* UILabel.swift in Sources */ = {isa = PBXBuildFile; fileRef = 1B6E87021E9ADB540063D5EB /* UILabel.swift */; };
		1B6E88041E9E15F20063D5EB /* UIProgressView.swift in Sources */ = {isa = PBXBuildFile; fileRef = 1B6E87031E9ADB540063D5EB /* UIProgressView.swift */; };
		1B6E88061E9E15F20063D5EB /* UISegmentedControl.swift in Sources */ = {isa = PBXBuildFile; fileRef = 1B6E87051E9ADB540063D5EB /* UISegmentedControl.swift */; };
		1B6E880A1E9E15F20063D5EB /* UITextField.swift in Sources */ = {isa = PBXBuildFile; fileRef = 1B6E87091E9ADB540063D5EB /* UITextField.swift */; };
		1B6E880B1E9E15F20063D5EB /* UITextView.swift in Sources */ = {isa = PBXBuildFile; fileRef = 1B6E870A1E9ADB540063D5EB /* UITextView.swift */; };
		1B6E88321E9E170B0063D5EB /* Disposable.swift in Sources */ = {isa = PBXBuildFile; fileRef = 1B6E882D1E9E170B0063D5EB /* Disposable.swift */; };
		1B6E88331E9E170B0063D5EB /* Disposable.swift in Sources */ = {isa = PBXBuildFile; fileRef = 1B6E882D1E9E170B0063D5EB /* Disposable.swift */; };
		1B6E88341E9E170B0063D5EB /* Disposable.swift in Sources */ = {isa = PBXBuildFile; fileRef = 1B6E882D1E9E170B0063D5EB /* Disposable.swift */; };
		1B6E88351E9E170B0063D5EB /* Disposable.swift in Sources */ = {isa = PBXBuildFile; fileRef = 1B6E882D1E9E170B0063D5EB /* Disposable.swift */; };
		1B6E883C1E9E17180063D5EB /* Task.swift in Sources */ = {isa = PBXBuildFile; fileRef = 1B6E88371E9E17180063D5EB /* Task.swift */; };
		1B6E883D1E9E17180063D5EB /* Task.swift in Sources */ = {isa = PBXBuildFile; fileRef = 1B6E88371E9E17180063D5EB /* Task.swift */; };
		1B6E883F1E9E17180063D5EB /* Task.swift in Sources */ = {isa = PBXBuildFile; fileRef = 1B6E88371E9E17180063D5EB /* Task.swift */; };
		1B6E88411E9E17250063D5EB /* DispatchQueue+Requester.swift in Sources */ = {isa = PBXBuildFile; fileRef = 1B6E88401E9E17250063D5EB /* DispatchQueue+Requester.swift */; };
		1B6E88421E9E17250063D5EB /* DispatchQueue+Requester.swift in Sources */ = {isa = PBXBuildFile; fileRef = 1B6E88401E9E17250063D5EB /* DispatchQueue+Requester.swift */; };
		1B6E88431E9E17250063D5EB /* DispatchQueue+Requester.swift in Sources */ = {isa = PBXBuildFile; fileRef = 1B6E88401E9E17250063D5EB /* DispatchQueue+Requester.swift */; };
		1B6E88441E9E17250063D5EB /* DispatchQueue+Requester.swift in Sources */ = {isa = PBXBuildFile; fileRef = 1B6E88401E9E17250063D5EB /* DispatchQueue+Requester.swift */; };
		1B6E88451E9E17850063D5EB /* TaskTests.swift in Sources */ = {isa = PBXBuildFile; fileRef = 1B6E88271E9E16FC0063D5EB /* TaskTests.swift */; };
		1B6E88461E9E17850063D5EB /* TaskTests.swift in Sources */ = {isa = PBXBuildFile; fileRef = 1B6E88271E9E16FC0063D5EB /* TaskTests.swift */; };
		1B6E88471E9E17860063D5EB /* TaskTests.swift in Sources */ = {isa = PBXBuildFile; fileRef = 1B6E88271E9E16FC0063D5EB /* TaskTests.swift */; };
		1B6E88531E9E18B40063D5EB /* Either.swift in Sources */ = {isa = PBXBuildFile; fileRef = 1B6E88521E9E18B40063D5EB /* Either.swift */; };
		1B6E88541E9E18B40063D5EB /* Either.swift in Sources */ = {isa = PBXBuildFile; fileRef = 1B6E88521E9E18B40063D5EB /* Either.swift */; };
		1B6E88561E9E18B40063D5EB /* Either.swift in Sources */ = {isa = PBXBuildFile; fileRef = 1B6E88521E9E18B40063D5EB /* Either.swift */; };
		1B8649A31EA0DCBB00D30004 /* NotificationCenter.swift in Sources */ = {isa = PBXBuildFile; fileRef = 1B8649A21EA0DCBB00D30004 /* NotificationCenter.swift */; };
		1B8649A61EA0DD0700D30004 /* NSObject+Jetpack.swift in Sources */ = {isa = PBXBuildFile; fileRef = 1B8649A51EA0DD0700D30004 /* NSObject+Jetpack.swift */; };
		1BA2EF731E9E412400B92618 /* Observable+Task.swift in Sources */ = {isa = PBXBuildFile; fileRef = 1BA2EF721E9E412400B92618 /* Observable+Task.swift */; };
		1BA2EF741E9E412400B92618 /* Observable+Task.swift in Sources */ = {isa = PBXBuildFile; fileRef = 1BA2EF721E9E412400B92618 /* Observable+Task.swift */; };
		1BA2EF761E9E412400B92618 /* Observable+Task.swift in Sources */ = {isa = PBXBuildFile; fileRef = 1BA2EF721E9E412400B92618 /* Observable+Task.swift */; };
		1BE3CD181EA5150F00C9B0F5 /* Observable+Commit.swift in Sources */ = {isa = PBXBuildFile; fileRef = 1BE3CD171EA5150F00C9B0F5 /* Observable+Commit.swift */; };
		1BE3CD191EA5150F00C9B0F5 /* Observable+Commit.swift in Sources */ = {isa = PBXBuildFile; fileRef = 1BE3CD171EA5150F00C9B0F5 /* Observable+Commit.swift */; };
		1BE3CD1A1EA5150F00C9B0F5 /* Observable+Commit.swift in Sources */ = {isa = PBXBuildFile; fileRef = 1BE3CD171EA5150F00C9B0F5 /* Observable+Commit.swift */; };
		1BE3CD1B1EA5150F00C9B0F5 /* Observable+Commit.swift in Sources */ = {isa = PBXBuildFile; fileRef = 1BE3CD171EA5150F00C9B0F5 /* Observable+Commit.swift */; };
		1BF014711EA208230061B4D9 /* Variable.swift in Sources */ = {isa = PBXBuildFile; fileRef = 1BF014701EA208230061B4D9 /* Variable.swift */; };
		1BF014721EA208280061B4D9 /* Observer.swift in Sources */ = {isa = PBXBuildFile; fileRef = 1B6E87BA1E9CEA950063D5EB /* Observer.swift */; };
		1BF014731EA208280061B4D9 /* Variable.swift in Sources */ = {isa = PBXBuildFile; fileRef = 1BF014701EA208230061B4D9 /* Variable.swift */; };
		1BF014741EA208290061B4D9 /* Observer.swift in Sources */ = {isa = PBXBuildFile; fileRef = 1B6E87BA1E9CEA950063D5EB /* Observer.swift */; };
		1BF014751EA208290061B4D9 /* Variable.swift in Sources */ = {isa = PBXBuildFile; fileRef = 1BF014701EA208230061B4D9 /* Variable.swift */; };
		1BF014761EA208290061B4D9 /* Observer.swift in Sources */ = {isa = PBXBuildFile; fileRef = 1B6E87BA1E9CEA950063D5EB /* Observer.swift */; };
		1BF014771EA208290061B4D9 /* Variable.swift in Sources */ = {isa = PBXBuildFile; fileRef = 1BF014701EA208230061B4D9 /* Variable.swift */; };
		1BF014781EA208340061B4D9 /* Result.swift in Sources */ = {isa = PBXBuildFile; fileRef = 1B4939661E9E34100005452A /* Result.swift */; };
		1BF0147B1EA208360061B4D9 /* Task.swift in Sources */ = {isa = PBXBuildFile; fileRef = 1B6E88371E9E17180063D5EB /* Task.swift */; };
		1BF0147C1EA208360061B4D9 /* Observable+Task.swift in Sources */ = {isa = PBXBuildFile; fileRef = 1BA2EF721E9E412400B92618 /* Observable+Task.swift */; };
		1BF0147F1EA208360061B4D9 /* Result.swift in Sources */ = {isa = PBXBuildFile; fileRef = 1B4939661E9E34100005452A /* Result.swift */; };
		1BF014801EA208360061B4D9 /* Either.swift in Sources */ = {isa = PBXBuildFile; fileRef = 1B6E88521E9E18B40063D5EB /* Either.swift */; };
		1BF014811EA208360061B4D9 /* Result.swift in Sources */ = {isa = PBXBuildFile; fileRef = 1B4939661E9E34100005452A /* Result.swift */; };
		1BF014821EA208450061B4D9 /* NSObject+Jetpack.swift in Sources */ = {isa = PBXBuildFile; fileRef = 1B8649A51EA0DD0700D30004 /* NSObject+Jetpack.swift */; };
		1BF014831EA208450061B4D9 /* NotificationCenter.swift in Sources */ = {isa = PBXBuildFile; fileRef = 1B8649A21EA0DCBB00D30004 /* NotificationCenter.swift */; };
		1BF014841EA208460061B4D9 /* NSObject+Jetpack.swift in Sources */ = {isa = PBXBuildFile; fileRef = 1B8649A51EA0DD0700D30004 /* NSObject+Jetpack.swift */; };
		1BF014851EA208460061B4D9 /* NotificationCenter.swift in Sources */ = {isa = PBXBuildFile; fileRef = 1B8649A21EA0DCBB00D30004 /* NotificationCenter.swift */; };
		1BF014861EA208460061B4D9 /* NSObject+Jetpack.swift in Sources */ = {isa = PBXBuildFile; fileRef = 1B8649A51EA0DD0700D30004 /* NSObject+Jetpack.swift */; };
		1BF014871EA208460061B4D9 /* NotificationCenter.swift in Sources */ = {isa = PBXBuildFile; fileRef = 1B8649A21EA0DCBB00D30004 /* NotificationCenter.swift */; };
		52D6D9871BEFF229002C0205 /* Jetpack.framework in Frameworks */ = {isa = PBXBuildFile; fileRef = 52D6D97C1BEFF229002C0205 /* Jetpack.framework */; };
		52D6D9981BEFF375002C0205 /* Jetpack.swift in Sources */ = {isa = PBXBuildFile; fileRef = 52D6D9961BEFF375002C0205 /* Jetpack.swift */; };
		52D6D99B1BEFF375002C0205 /* JetpackTests.swift in Sources */ = {isa = PBXBuildFile; fileRef = 52D6D9971BEFF375002C0205 /* JetpackTests.swift */; };
		52D6D9EA1BEFFFA4002C0205 /* Jetpack.swift in Sources */ = {isa = PBXBuildFile; fileRef = 52D6D9961BEFF375002C0205 /* Jetpack.swift */; };
		52D6DA091BF00081002C0205 /* Jetpack.swift in Sources */ = {isa = PBXBuildFile; fileRef = 52D6D9961BEFF375002C0205 /* Jetpack.swift */; };
		DD7502861C68FDDC006590AF /* JetpackTests.swift in Sources */ = {isa = PBXBuildFile; fileRef = 52D6D9971BEFF375002C0205 /* JetpackTests.swift */; };
		DD7502881C68FEDE006590AF /* Jetpack.framework in Frameworks */ = {isa = PBXBuildFile; fileRef = 52D6DA0F1BF000BD002C0205 /* Jetpack.framework */; };
		DD7502921C690C7A006590AF /* Jetpack.framework in Frameworks */ = {isa = PBXBuildFile; fileRef = 52D6D9F01BEFFFBE002C0205 /* Jetpack.framework */; };
		DD75029A1C690CBE006590AF /* JetpackTests.swift in Sources */ = {isa = PBXBuildFile; fileRef = 52D6D9971BEFF375002C0205 /* JetpackTests.swift */; };
/* End PBXBuildFile section */

/* Begin PBXContainerItemProxy section */
		1B6E87AE1E9CD7CF0063D5EB /* PBXContainerItemProxy */ = {
			isa = PBXContainerItemProxy;
			containerPortal = 52D6D9731BEFF229002C0205 /* Project object */;
			proxyType = 1;
			remoteGlobalIDString = 1B6E879B1E9CD7C90063D5EB;
			remoteInfo = Demo;
		};
		52D6D9881BEFF229002C0205 /* PBXContainerItemProxy */ = {
			isa = PBXContainerItemProxy;
			containerPortal = 52D6D9731BEFF229002C0205 /* Project object */;
			proxyType = 1;
			remoteGlobalIDString = 52D6D97B1BEFF229002C0205;
			remoteInfo = Jetpack;
		};
		DD7502801C68FCFC006590AF /* PBXContainerItemProxy */ = {
			isa = PBXContainerItemProxy;
			containerPortal = 52D6D9731BEFF229002C0205 /* Project object */;
			proxyType = 1;
			remoteGlobalIDString = 52D6DA0E1BF000BD002C0205;
			remoteInfo = "Jetpack-macOS";
		};
		DD7502931C690C7A006590AF /* PBXContainerItemProxy */ = {
			isa = PBXContainerItemProxy;
			containerPortal = 52D6D9731BEFF229002C0205 /* Project object */;
			proxyType = 1;
			remoteGlobalIDString = 52D6D9EF1BEFFFBE002C0205;
			remoteInfo = "Jetpack-tvOS";
		};
/* End PBXContainerItemProxy section */

/* Begin PBXFileReference section */
		1B4939661E9E34100005452A /* Result.swift */ = {isa = PBXFileReference; fileEncoding = 4; lastKnownFileType = sourcecode.swift; name = Result.swift; path = Sources/Result.swift; sourceTree = "<group>"; };
		1B6E86DF1E9ADB540063D5EB /* Receiver.swift */ = {isa = PBXFileReference; fileEncoding = 4; lastKnownFileType = sourcecode.swift; name = Receiver.swift; path = Sources/Receiver.swift; sourceTree = "<group>"; };
		1B6E86E21E9ADB540063D5EB /* Observable.swift */ = {isa = PBXFileReference; fileEncoding = 4; lastKnownFileType = sourcecode.swift; name = Observable.swift; path = Sources/Observable.swift; sourceTree = "<group>"; };
		1B6E86E31E9ADB540063D5EB /* Observable+Binding.swift */ = {isa = PBXFileReference; fileEncoding = 4; lastKnownFileType = sourcecode.swift; name = "Observable+Binding.swift"; path = "Sources/Observable+Binding.swift"; sourceTree = "<group>"; };
		1B6E86E41E9ADB540063D5EB /* Observable+Buffering.swift */ = {isa = PBXFileReference; fileEncoding = 4; lastKnownFileType = sourcecode.swift; name = "Observable+Buffering.swift"; path = "Sources/Observable+Buffering.swift"; sourceTree = "<group>"; };
		1B6E86E51E9ADB540063D5EB /* Observable+Combining.swift */ = {isa = PBXFileReference; fileEncoding = 4; lastKnownFileType = sourcecode.swift; name = "Observable+Combining.swift"; path = "Sources/Observable+Combining.swift"; sourceTree = "<group>"; };
		1B6E86E61E9ADB540063D5EB /* Observable+Dispatch.swift */ = {isa = PBXFileReference; fileEncoding = 4; lastKnownFileType = sourcecode.swift; name = "Observable+Dispatch.swift"; path = "Sources/Observable+Dispatch.swift"; sourceTree = "<group>"; };
		1B6E86E71E9ADB540063D5EB /* Observable+Filtering.swift */ = {isa = PBXFileReference; fileEncoding = 4; lastKnownFileType = sourcecode.swift; name = "Observable+Filtering.swift"; path = "Sources/Observable+Filtering.swift"; sourceTree = "<group>"; };
		1B6E86E81E9ADB540063D5EB /* Observable+FlatMap.swift */ = {isa = PBXFileReference; fileEncoding = 4; lastKnownFileType = sourcecode.swift; name = "Observable+FlatMap.swift"; path = "Sources/Observable+FlatMap.swift"; sourceTree = "<group>"; };
		1B6E86EA1E9ADB540063D5EB /* Observable+Logging.swift */ = {isa = PBXFileReference; fileEncoding = 4; lastKnownFileType = sourcecode.swift; name = "Observable+Logging.swift"; path = "Sources/Observable+Logging.swift"; sourceTree = "<group>"; };
		1B6E86EB1E9ADB540063D5EB /* Observable+Math.swift */ = {isa = PBXFileReference; fileEncoding = 4; lastKnownFileType = sourcecode.swift; name = "Observable+Math.swift"; path = "Sources/Observable+Math.swift"; sourceTree = "<group>"; };
		1B6E86EC1E9ADB540063D5EB /* Observable+Optional.swift */ = {isa = PBXFileReference; fileEncoding = 4; lastKnownFileType = sourcecode.swift; name = "Observable+Optional.swift"; path = "Sources/Observable+Optional.swift"; sourceTree = "<group>"; };
		1B6E86ED1E9ADB540063D5EB /* Observable+Result.swift */ = {isa = PBXFileReference; fileEncoding = 4; lastKnownFileType = sourcecode.swift; name = "Observable+Result.swift"; path = "Sources/Observable+Result.swift"; sourceTree = "<group>"; };
		1B6E86EF1E9ADB540063D5EB /* Observable+Transforming.swift */ = {isa = PBXFileReference; fileEncoding = 4; lastKnownFileType = sourcecode.swift; name = "Observable+Transforming.swift"; path = "Sources/Observable+Transforming.swift"; sourceTree = "<group>"; };
		1B6E86F01E9ADB540063D5EB /* Property.swift */ = {isa = PBXFileReference; fileEncoding = 4; lastKnownFileType = sourcecode.swift; name = Property.swift; path = Sources/Property.swift; sourceTree = "<group>"; };
		1B6E86F31E9ADB540063D5EB /* Signal.swift */ = {isa = PBXFileReference; fileEncoding = 4; lastKnownFileType = sourcecode.swift; name = Signal.swift; path = Sources/Signal.swift; sourceTree = "<group>"; };
		1B6E86F41E9ADB540063D5EB /* State.swift */ = {isa = PBXFileReference; fileEncoding = 4; lastKnownFileType = sourcecode.swift; name = State.swift; path = Sources/State.swift; sourceTree = "<group>"; };
		1B6E86F81E9ADB540063D5EB /* Tuples+Repack.swift */ = {isa = PBXFileReference; fileEncoding = 4; lastKnownFileType = sourcecode.swift; name = "Tuples+Repack.swift"; path = "Sources/Tuples+Repack.swift"; sourceTree = "<group>"; };
		1B6E86FB1E9ADB540063D5EB /* UIActivityIndicatorView.swift */ = {isa = PBXFileReference; fileEncoding = 4; lastKnownFileType = sourcecode.swift; path = UIActivityIndicatorView.swift; sourceTree = "<group>"; };
		1B6E86FC1E9ADB540063D5EB /* UIBarButtonItem.swift */ = {isa = PBXFileReference; fileEncoding = 4; lastKnownFileType = sourcecode.swift; path = UIBarButtonItem.swift; sourceTree = "<group>"; };
		1B6E86FD1E9ADB540063D5EB /* UIBarItem.swift */ = {isa = PBXFileReference; fileEncoding = 4; lastKnownFileType = sourcecode.swift; path = UIBarItem.swift; sourceTree = "<group>"; };
		1B6E86FE1E9ADB540063D5EB /* UIButton.swift */ = {isa = PBXFileReference; fileEncoding = 4; lastKnownFileType = sourcecode.swift; path = UIButton.swift; sourceTree = "<group>"; };
		1B6E86FF1E9ADB540063D5EB /* UIControl.swift */ = {isa = PBXFileReference; fileEncoding = 4; lastKnownFileType = sourcecode.swift; path = UIControl.swift; sourceTree = "<group>"; };
		1B6E87001E9ADB540063D5EB /* UIGestureRecognizer.swift */ = {isa = PBXFileReference; fileEncoding = 4; lastKnownFileType = sourcecode.swift; path = UIGestureRecognizer.swift; sourceTree = "<group>"; };
		1B6E87011E9ADB540063D5EB /* UIImageView.swift */ = {isa = PBXFileReference; fileEncoding = 4; lastKnownFileType = sourcecode.swift; path = UIImageView.swift; sourceTree = "<group>"; };
		1B6E87021E9ADB540063D5EB /* UILabel.swift */ = {isa = PBXFileReference; fileEncoding = 4; lastKnownFileType = sourcecode.swift; path = UILabel.swift; sourceTree = "<group>"; };
		1B6E87031E9ADB540063D5EB /* UIProgressView.swift */ = {isa = PBXFileReference; fileEncoding = 4; lastKnownFileType = sourcecode.swift; path = UIProgressView.swift; sourceTree = "<group>"; };
		1B6E87041E9ADB540063D5EB /* UIRefreshControl.swift */ = {isa = PBXFileReference; fileEncoding = 4; lastKnownFileType = sourcecode.swift; path = UIRefreshControl.swift; sourceTree = "<group>"; };
		1B6E87051E9ADB540063D5EB /* UISegmentedControl.swift */ = {isa = PBXFileReference; fileEncoding = 4; lastKnownFileType = sourcecode.swift; path = UISegmentedControl.swift; sourceTree = "<group>"; };
		1B6E87061E9ADB540063D5EB /* UISlider.swift */ = {isa = PBXFileReference; fileEncoding = 4; lastKnownFileType = sourcecode.swift; path = UISlider.swift; sourceTree = "<group>"; };
		1B6E87071E9ADB540063D5EB /* UIStepper.swift */ = {isa = PBXFileReference; fileEncoding = 4; lastKnownFileType = sourcecode.swift; path = UIStepper.swift; sourceTree = "<group>"; };
		1B6E87081E9ADB540063D5EB /* UISwitch.swift */ = {isa = PBXFileReference; fileEncoding = 4; lastKnownFileType = sourcecode.swift; path = UISwitch.swift; sourceTree = "<group>"; };
		1B6E87091E9ADB540063D5EB /* UITextField.swift */ = {isa = PBXFileReference; fileEncoding = 4; lastKnownFileType = sourcecode.swift; path = UITextField.swift; sourceTree = "<group>"; };
		1B6E870A1E9ADB540063D5EB /* UITextView.swift */ = {isa = PBXFileReference; fileEncoding = 4; lastKnownFileType = sourcecode.swift; path = UITextView.swift; sourceTree = "<group>"; };
		1B6E870C1E9ADB540063D5EB /* UIView.swift */ = {isa = PBXFileReference; fileEncoding = 4; lastKnownFileType = sourcecode.swift; path = UIView.swift; sourceTree = "<group>"; };
		1B6E879C1E9CD7C90063D5EB /* Demo.app */ = {isa = PBXFileReference; explicitFileType = wrapper.application; includeInIndex = 0; path = Demo.app; sourceTree = BUILT_PRODUCTS_DIR; };
		1B6E879E1E9CD7C90063D5EB /* AppDelegate.swift */ = {isa = PBXFileReference; lastKnownFileType = sourcecode.swift; path = AppDelegate.swift; sourceTree = "<group>"; };
		1B6E87A01E9CD7C90063D5EB /* ViewController.swift */ = {isa = PBXFileReference; lastKnownFileType = sourcecode.swift; path = ViewController.swift; sourceTree = "<group>"; };
		1B6E87A31E9CD7C90063D5EB /* Base */ = {isa = PBXFileReference; lastKnownFileType = file.storyboard; name = Base; path = Base.lproj/Main.storyboard; sourceTree = "<group>"; };
		1B6E87A51E9CD7C90063D5EB /* Assets.xcassets */ = {isa = PBXFileReference; lastKnownFileType = folder.assetcatalog; path = Assets.xcassets; sourceTree = "<group>"; };
		1B6E87A81E9CD7C90063D5EB /* Base */ = {isa = PBXFileReference; lastKnownFileType = file.storyboard; name = Base; path = Base.lproj/LaunchScreen.storyboard; sourceTree = "<group>"; };
		1B6E87AA1E9CD7C90063D5EB /* Info.plist */ = {isa = PBXFileReference; lastKnownFileType = text.plist.xml; path = Info.plist; sourceTree = "<group>"; };
		1B6E87BA1E9CEA950063D5EB /* Observer.swift */ = {isa = PBXFileReference; fileEncoding = 4; lastKnownFileType = sourcecode.swift; name = Observer.swift; path = Sources/Observer.swift; sourceTree = "<group>"; };
		1B6E87E61E9E15E30063D5EB /* UIView+Task.swift */ = {isa = PBXFileReference; fileEncoding = 4; lastKnownFileType = sourcecode.swift; path = "UIView+Task.swift"; sourceTree = "<group>"; };
		1B6E88271E9E16FC0063D5EB /* TaskTests.swift */ = {isa = PBXFileReference; fileEncoding = 4; lastKnownFileType = sourcecode.swift; name = TaskTests.swift; path = Tests/JetpackTests/TaskTests.swift; sourceTree = "<group>"; };
		1B6E882D1E9E170B0063D5EB /* Disposable.swift */ = {isa = PBXFileReference; fileEncoding = 4; lastKnownFileType = sourcecode.swift; name = Disposable.swift; path = Sources/Disposable.swift; sourceTree = "<group>"; };
		1B6E88371E9E17180063D5EB /* Task.swift */ = {isa = PBXFileReference; fileEncoding = 4; lastKnownFileType = sourcecode.swift; name = Task.swift; path = Sources/Task.swift; sourceTree = "<group>"; };
		1B6E88401E9E17250063D5EB /* DispatchQueue+Requester.swift */ = {isa = PBXFileReference; fileEncoding = 4; lastKnownFileType = sourcecode.swift; name = "DispatchQueue+Requester.swift"; path = "Sources/DispatchQueue+Requester.swift"; sourceTree = "<group>"; };
		1B6E88521E9E18B40063D5EB /* Either.swift */ = {isa = PBXFileReference; fileEncoding = 4; lastKnownFileType = sourcecode.swift; name = Either.swift; path = Sources/Either.swift; sourceTree = "<group>"; };
		1B8649A21EA0DCBB00D30004 /* NotificationCenter.swift */ = {isa = PBXFileReference; fileEncoding = 4; lastKnownFileType = sourcecode.swift; name = NotificationCenter.swift; path = Sources/Foundation/NotificationCenter.swift; sourceTree = "<group>"; };
		1B8649A51EA0DD0700D30004 /* NSObject+Jetpack.swift */ = {isa = PBXFileReference; fileEncoding = 4; lastKnownFileType = sourcecode.swift; name = "NSObject+Jetpack.swift"; path = "Sources/Foundation/NSObject+Jetpack.swift"; sourceTree = "<group>"; };
		1BA2EF721E9E412400B92618 /* Observable+Task.swift */ = {isa = PBXFileReference; fileEncoding = 4; lastKnownFileType = sourcecode.swift; name = "Observable+Task.swift"; path = "Sources/Observable+Task.swift"; sourceTree = "<group>"; };
		1BE3CD171EA5150F00C9B0F5 /* Observable+Commit.swift */ = {isa = PBXFileReference; fileEncoding = 4; lastKnownFileType = sourcecode.swift; name = "Observable+Commit.swift"; path = "Sources/Observable+Commit.swift"; sourceTree = "<group>"; };
		1BF014701EA208230061B4D9 /* Variable.swift */ = {isa = PBXFileReference; fileEncoding = 4; lastKnownFileType = sourcecode.swift; name = Variable.swift; path = Sources/Variable.swift; sourceTree = "<group>"; };
		52D6D97C1BEFF229002C0205 /* Jetpack.framework */ = {isa = PBXFileReference; explicitFileType = wrapper.framework; includeInIndex = 0; path = Jetpack.framework; sourceTree = BUILT_PRODUCTS_DIR; };
		52D6D9861BEFF229002C0205 /* Jetpack-iOS Tests.xctest */ = {isa = PBXFileReference; explicitFileType = wrapper.cfbundle; includeInIndex = 0; path = "Jetpack-iOS Tests.xctest"; sourceTree = BUILT_PRODUCTS_DIR; };
		52D6D9961BEFF375002C0205 /* Jetpack.swift */ = {isa = PBXFileReference; fileEncoding = 4; lastKnownFileType = sourcecode.swift; name = Jetpack.swift; path = Sources/Jetpack.swift; sourceTree = "<group>"; };
		52D6D9971BEFF375002C0205 /* JetpackTests.swift */ = {isa = PBXFileReference; fileEncoding = 4; lastKnownFileType = sourcecode.swift; name = JetpackTests.swift; path = Tests/JetpackTests/JetpackTests.swift; sourceTree = "<group>"; };
		52D6D9E21BEFFF6E002C0205 /* Jetpack.framework */ = {isa = PBXFileReference; explicitFileType = wrapper.framework; includeInIndex = 0; path = Jetpack.framework; sourceTree = BUILT_PRODUCTS_DIR; };
		52D6D9F01BEFFFBE002C0205 /* Jetpack.framework */ = {isa = PBXFileReference; explicitFileType = wrapper.framework; includeInIndex = 0; path = Jetpack.framework; sourceTree = BUILT_PRODUCTS_DIR; };
		52D6DA0F1BF000BD002C0205 /* Jetpack.framework */ = {isa = PBXFileReference; explicitFileType = wrapper.framework; includeInIndex = 0; path = Jetpack.framework; sourceTree = BUILT_PRODUCTS_DIR; };
		AD2FAA261CD0B6D800659CF4 /* Jetpack.plist */ = {isa = PBXFileReference; fileEncoding = 4; lastKnownFileType = text.plist.xml; path = Jetpack.plist; sourceTree = "<group>"; };
		AD2FAA281CD0B6E100659CF4 /* JetpackTests.plist */ = {isa = PBXFileReference; fileEncoding = 4; lastKnownFileType = text.plist.xml; path = JetpackTests.plist; sourceTree = "<group>"; };
		DD75027A1C68FCFC006590AF /* Jetpack-macOS Tests.xctest */ = {isa = PBXFileReference; explicitFileType = wrapper.cfbundle; includeInIndex = 0; path = "Jetpack-macOS Tests.xctest"; sourceTree = BUILT_PRODUCTS_DIR; };
		DD75028D1C690C7A006590AF /* Jetpack-tvOS Tests.xctest */ = {isa = PBXFileReference; explicitFileType = wrapper.cfbundle; includeInIndex = 0; path = "Jetpack-tvOS Tests.xctest"; sourceTree = BUILT_PRODUCTS_DIR; };
/* End PBXFileReference section */

/* Begin PBXFrameworksBuildPhase section */
		1B6E87991E9CD7C90063D5EB /* Frameworks */ = {
			isa = PBXFrameworksBuildPhase;
			buildActionMask = 2147483647;
			files = (
			);
			runOnlyForDeploymentPostprocessing = 0;
		};
		52D6D9781BEFF229002C0205 /* Frameworks */ = {
			isa = PBXFrameworksBuildPhase;
			buildActionMask = 2147483647;
			files = (
			);
			runOnlyForDeploymentPostprocessing = 0;
		};
		52D6D9831BEFF229002C0205 /* Frameworks */ = {
			isa = PBXFrameworksBuildPhase;
			buildActionMask = 2147483647;
			files = (
				52D6D9871BEFF229002C0205 /* Jetpack.framework in Frameworks */,
			);
			runOnlyForDeploymentPostprocessing = 0;
		};
		52D6D9DE1BEFFF6E002C0205 /* Frameworks */ = {
			isa = PBXFrameworksBuildPhase;
			buildActionMask = 2147483647;
			files = (
			);
			runOnlyForDeploymentPostprocessing = 0;
		};
		52D6D9EC1BEFFFBE002C0205 /* Frameworks */ = {
			isa = PBXFrameworksBuildPhase;
			buildActionMask = 2147483647;
			files = (
			);
			runOnlyForDeploymentPostprocessing = 0;
		};
		52D6DA0B1BF000BD002C0205 /* Frameworks */ = {
			isa = PBXFrameworksBuildPhase;
			buildActionMask = 2147483647;
			files = (
			);
			runOnlyForDeploymentPostprocessing = 0;
		};
		DD7502771C68FCFC006590AF /* Frameworks */ = {
			isa = PBXFrameworksBuildPhase;
			buildActionMask = 2147483647;
			files = (
				DD7502881C68FEDE006590AF /* Jetpack.framework in Frameworks */,
			);
			runOnlyForDeploymentPostprocessing = 0;
		};
		DD75028A1C690C7A006590AF /* Frameworks */ = {
			isa = PBXFrameworksBuildPhase;
			buildActionMask = 2147483647;
			files = (
				DD7502921C690C7A006590AF /* Jetpack.framework in Frameworks */,
			);
			runOnlyForDeploymentPostprocessing = 0;
		};
/* End PBXFrameworksBuildPhase section */

/* Begin PBXGroup section */
		1B6E86F91E9ADB540063D5EB /* UIKit */ = {
			isa = PBXGroup;
			children = (
				1B6E86FB1E9ADB540063D5EB /* UIActivityIndicatorView.swift */,
				1B6E86FC1E9ADB540063D5EB /* UIBarButtonItem.swift */,
				1B6E86FD1E9ADB540063D5EB /* UIBarItem.swift */,
				1B6E86FF1E9ADB540063D5EB /* UIControl.swift */,
				1B6E86FE1E9ADB540063D5EB /* UIButton.swift */,
				1B6E87001E9ADB540063D5EB /* UIGestureRecognizer.swift */,
				1B6E87011E9ADB540063D5EB /* UIImageView.swift */,
				1B6E87021E9ADB540063D5EB /* UILabel.swift */,
				1B6E87031E9ADB540063D5EB /* UIProgressView.swift */,
				1B6E87041E9ADB540063D5EB /* UIRefreshControl.swift */,
				1B6E87051E9ADB540063D5EB /* UISegmentedControl.swift */,
				1B6E87061E9ADB540063D5EB /* UISlider.swift */,
				1B6E87071E9ADB540063D5EB /* UIStepper.swift */,
				1B6E87081E9ADB540063D5EB /* UISwitch.swift */,
				1B6E87091E9ADB540063D5EB /* UITextField.swift */,
				1B6E870A1E9ADB540063D5EB /* UITextView.swift */,
				1B6E870C1E9ADB540063D5EB /* UIView.swift */,
				1B6E87E61E9E15E30063D5EB /* UIView+Task.swift */,
			);
			name = UIKit;
			path = Sources/UIKit;
			sourceTree = "<group>";
		};
		1B6E873A1E9ADB680063D5EB /* Observables */ = {
			isa = PBXGroup;
			children = (
				1B6E86E21E9ADB540063D5EB /* Observable.swift */,
				1B6E87BA1E9CEA950063D5EB /* Observer.swift */,
				1B6E86F31E9ADB540063D5EB /* Signal.swift */,
				1B6E86DF1E9ADB540063D5EB /* Receiver.swift */,
				1BF014701EA208230061B4D9 /* Variable.swift */,
				1B6E86F01E9ADB540063D5EB /* Property.swift */,
				1B6E86F41E9ADB540063D5EB /* State.swift */,
				1B6E88371E9E17180063D5EB /* Task.swift */,
				1B4939661E9E34100005452A /* Result.swift */,
				1B6E88521E9E18B40063D5EB /* Either.swift */,
			);
			name = Observables;
			sourceTree = "<group>";
		};
		1B6E873B1E9ADB7A0063D5EB /* Utils */ = {
			isa = PBXGroup;
			children = (
				1B6E88401E9E17250063D5EB /* DispatchQueue+Requester.swift */,
				52D6D9961BEFF375002C0205 /* Jetpack.swift */,
				1B6E86F81E9ADB540063D5EB /* Tuples+Repack.swift */,
			);
			name = Utils;
			sourceTree = "<group>";
		};
		1B6E873C1E9ADB820063D5EB /* Operators */ = {
			isa = PBXGroup;
			children = (
				1B6E86E31E9ADB540063D5EB /* Observable+Binding.swift */,
				1B6E86E41E9ADB540063D5EB /* Observable+Buffering.swift */,
				1B6E86E51E9ADB540063D5EB /* Observable+Combining.swift */,
				1B6E86E61E9ADB540063D5EB /* Observable+Dispatch.swift */,
				1B6E86E71E9ADB540063D5EB /* Observable+Filtering.swift */,
				1B6E86E81E9ADB540063D5EB /* Observable+FlatMap.swift */,
				1B6E86EA1E9ADB540063D5EB /* Observable+Logging.swift */,
				1B6E86EB1E9ADB540063D5EB /* Observable+Math.swift */,
				1B6E86EC1E9ADB540063D5EB /* Observable+Optional.swift */,
				1B6E86ED1E9ADB540063D5EB /* Observable+Result.swift */,
				1B6E86EF1E9ADB540063D5EB /* Observable+Transforming.swift */,
				1BA2EF721E9E412400B92618 /* Observable+Task.swift */,
				1BE3CD171EA5150F00C9B0F5 /* Observable+Commit.swift */,
			);
			name = Operators;
			sourceTree = "<group>";
		};
		1B6E873D1E9ADBA30063D5EB /* Tests */ = {
			isa = PBXGroup;
			children = (
				52D6D9971BEFF375002C0205 /* JetpackTests.swift */,
				1B6E88271E9E16FC0063D5EB /* TaskTests.swift */,
			);
			name = Tests;
			sourceTree = "<group>";
		};
		1B6E879D1E9CD7C90063D5EB /* Demo */ = {
			isa = PBXGroup;
			children = (
				1B6E879E1E9CD7C90063D5EB /* AppDelegate.swift */,
				1B6E87A01E9CD7C90063D5EB /* ViewController.swift */,
				1B6E87A21E9CD7C90063D5EB /* Main.storyboard */,
				1B6E87A51E9CD7C90063D5EB /* Assets.xcassets */,
				1B6E87A71E9CD7C90063D5EB /* LaunchScreen.storyboard */,
				1B6E87AA1E9CD7C90063D5EB /* Info.plist */,
			);
			path = Demo;
			sourceTree = "<group>";
		};
		1B6E87C11E9CEAF40063D5EB /* Disposables */ = {
			isa = PBXGroup;
			children = (
				1B6E882D1E9E170B0063D5EB /* Disposable.swift */,
			);
			name = Disposables;
			sourceTree = "<group>";
		};
		1B8649A11EA0DC9000D30004 /* Extensions */ = {
			isa = PBXGroup;
			children = (
				1B8649A41EA0DCC300D30004 /* Foundation */,
				1B6E86F91E9ADB540063D5EB /* UIKit */,
			);
			name = Extensions;
			sourceTree = "<group>";
		};
		1B8649A41EA0DCC300D30004 /* Foundation */ = {
			isa = PBXGroup;
			children = (
				1B8649A51EA0DD0700D30004 /* NSObject+Jetpack.swift */,
				1B8649A21EA0DCBB00D30004 /* NotificationCenter.swift */,
			);
			name = Foundation;
			sourceTree = "<group>";
		};
		52D6D9721BEFF229002C0205 = {
			isa = PBXGroup;
			children = (
				1B6E873A1E9ADB680063D5EB /* Observables */,
				1B6E873C1E9ADB820063D5EB /* Operators */,
				1B6E87C11E9CEAF40063D5EB /* Disposables */,
				1B6E873B1E9ADB7A0063D5EB /* Utils */,
				1B8649A11EA0DC9000D30004 /* Extensions */,
				1B6E873D1E9ADBA30063D5EB /* Tests */,
				52D6D99C1BEFF38C002C0205 /* Configs */,
				1B6E879D1E9CD7C90063D5EB /* Demo */,
				52D6D97D1BEFF229002C0205 /* Products */,
			);
			sourceTree = "<group>";
		};
		52D6D97D1BEFF229002C0205 /* Products */ = {
			isa = PBXGroup;
			children = (
				52D6D97C1BEFF229002C0205 /* Jetpack.framework */,
				52D6D9861BEFF229002C0205 /* Jetpack-iOS Tests.xctest */,
				52D6D9E21BEFFF6E002C0205 /* Jetpack.framework */,
				52D6D9F01BEFFFBE002C0205 /* Jetpack.framework */,
				52D6DA0F1BF000BD002C0205 /* Jetpack.framework */,
				DD75027A1C68FCFC006590AF /* Jetpack-macOS Tests.xctest */,
				DD75028D1C690C7A006590AF /* Jetpack-tvOS Tests.xctest */,
				1B6E879C1E9CD7C90063D5EB /* Demo.app */,
			);
			name = Products;
			sourceTree = "<group>";
		};
		52D6D99C1BEFF38C002C0205 /* Configs */ = {
			isa = PBXGroup;
			children = (
				DD7502721C68FC1B006590AF /* Frameworks */,
				DD7502731C68FC20006590AF /* Tests */,
			);
			path = Configs;
			sourceTree = "<group>";
		};
		DD7502721C68FC1B006590AF /* Frameworks */ = {
			isa = PBXGroup;
			children = (
				AD2FAA261CD0B6D800659CF4 /* Jetpack.plist */,
			);
			name = Frameworks;
			sourceTree = "<group>";
		};
		DD7502731C68FC20006590AF /* Tests */ = {
			isa = PBXGroup;
			children = (
				AD2FAA281CD0B6E100659CF4 /* JetpackTests.plist */,
			);
			name = Tests;
			sourceTree = "<group>";
		};
/* End PBXGroup section */

/* Begin PBXHeadersBuildPhase section */
		52D6D9791BEFF229002C0205 /* Headers */ = {
			isa = PBXHeadersBuildPhase;
			buildActionMask = 2147483647;
			files = (
			);
			runOnlyForDeploymentPostprocessing = 0;
		};
		52D6D9DF1BEFFF6E002C0205 /* Headers */ = {
			isa = PBXHeadersBuildPhase;
			buildActionMask = 2147483647;
			files = (
			);
			runOnlyForDeploymentPostprocessing = 0;
		};
		52D6D9ED1BEFFFBE002C0205 /* Headers */ = {
			isa = PBXHeadersBuildPhase;
			buildActionMask = 2147483647;
			files = (
			);
			runOnlyForDeploymentPostprocessing = 0;
		};
		52D6DA0C1BF000BD002C0205 /* Headers */ = {
			isa = PBXHeadersBuildPhase;
			buildActionMask = 2147483647;
			files = (
			);
			runOnlyForDeploymentPostprocessing = 0;
		};
/* End PBXHeadersBuildPhase section */

/* Begin PBXNativeTarget section */
		1B6E879B1E9CD7C90063D5EB /* Demo */ = {
			isa = PBXNativeTarget;
			buildConfigurationList = 1B6E87AB1E9CD7C90063D5EB /* Build configuration list for PBXNativeTarget "Demo" */;
			buildPhases = (
				1B6E87981E9CD7C90063D5EB /* Sources */,
				1B6E87991E9CD7C90063D5EB /* Frameworks */,
				1B6E879A1E9CD7C90063D5EB /* Resources */,
			);
			buildRules = (
			);
			dependencies = (
			);
			name = Demo;
			productName = Demo;
			productReference = 1B6E879C1E9CD7C90063D5EB /* Demo.app */;
			productType = "com.apple.product-type.application";
		};
		52D6D97B1BEFF229002C0205 /* Jetpack-iOS */ = {
			isa = PBXNativeTarget;
			buildConfigurationList = 52D6D9901BEFF229002C0205 /* Build configuration list for PBXNativeTarget "Jetpack-iOS" */;
			buildPhases = (
				52D6D9771BEFF229002C0205 /* Sources */,
				52D6D9781BEFF229002C0205 /* Frameworks */,
				52D6D9791BEFF229002C0205 /* Headers */,
				52D6D97A1BEFF229002C0205 /* Resources */,
			);
			buildRules = (
			);
			dependencies = (
			);
			name = "Jetpack-iOS";
			productName = Jetpack;
			productReference = 52D6D97C1BEFF229002C0205 /* Jetpack.framework */;
			productType = "com.apple.product-type.framework";
		};
		52D6D9851BEFF229002C0205 /* Jetpack-iOS Tests */ = {
			isa = PBXNativeTarget;
			buildConfigurationList = 52D6D9931BEFF229002C0205 /* Build configuration list for PBXNativeTarget "Jetpack-iOS Tests" */;
			buildPhases = (
				52D6D9821BEFF229002C0205 /* Sources */,
				52D6D9831BEFF229002C0205 /* Frameworks */,
				52D6D9841BEFF229002C0205 /* Resources */,
			);
			buildRules = (
			);
			dependencies = (
				52D6D9891BEFF229002C0205 /* PBXTargetDependency */,
				1B6E87AF1E9CD7CF0063D5EB /* PBXTargetDependency */,
			);
			name = "Jetpack-iOS Tests";
			productName = JetpackTests;
			productReference = 52D6D9861BEFF229002C0205 /* Jetpack-iOS Tests.xctest */;
			productType = "com.apple.product-type.bundle.unit-test";
		};
		52D6D9E11BEFFF6E002C0205 /* Jetpack-watchOS */ = {
			isa = PBXNativeTarget;
			buildConfigurationList = 52D6D9E71BEFFF6E002C0205 /* Build configuration list for PBXNativeTarget "Jetpack-watchOS" */;
			buildPhases = (
				52D6D9DD1BEFFF6E002C0205 /* Sources */,
				52D6D9DE1BEFFF6E002C0205 /* Frameworks */,
				52D6D9DF1BEFFF6E002C0205 /* Headers */,
				52D6D9E01BEFFF6E002C0205 /* Resources */,
			);
			buildRules = (
			);
			dependencies = (
			);
			name = "Jetpack-watchOS";
			productName = "Jetpack-watchOS";
			productReference = 52D6D9E21BEFFF6E002C0205 /* Jetpack.framework */;
			productType = "com.apple.product-type.framework";
		};
		52D6D9EF1BEFFFBE002C0205 /* Jetpack-tvOS */ = {
			isa = PBXNativeTarget;
			buildConfigurationList = 52D6DA011BEFFFBE002C0205 /* Build configuration list for PBXNativeTarget "Jetpack-tvOS" */;
			buildPhases = (
				52D6D9EB1BEFFFBE002C0205 /* Sources */,
				52D6D9EC1BEFFFBE002C0205 /* Frameworks */,
				52D6D9ED1BEFFFBE002C0205 /* Headers */,
				52D6D9EE1BEFFFBE002C0205 /* Resources */,
			);
			buildRules = (
			);
			dependencies = (
			);
			name = "Jetpack-tvOS";
			productName = "Jetpack-tvOS";
			productReference = 52D6D9F01BEFFFBE002C0205 /* Jetpack.framework */;
			productType = "com.apple.product-type.framework";
		};
		52D6DA0E1BF000BD002C0205 /* Jetpack-macOS */ = {
			isa = PBXNativeTarget;
			buildConfigurationList = 52D6DA201BF000BD002C0205 /* Build configuration list for PBXNativeTarget "Jetpack-macOS" */;
			buildPhases = (
				52D6DA0A1BF000BD002C0205 /* Sources */,
				52D6DA0B1BF000BD002C0205 /* Frameworks */,
				52D6DA0C1BF000BD002C0205 /* Headers */,
				52D6DA0D1BF000BD002C0205 /* Resources */,
			);
			buildRules = (
			);
			dependencies = (
			);
			name = "Jetpack-macOS";
			productName = "Jetpack-macOS";
			productReference = 52D6DA0F1BF000BD002C0205 /* Jetpack.framework */;
			productType = "com.apple.product-type.framework";
		};
		DD7502791C68FCFC006590AF /* Jetpack-macOS Tests */ = {
			isa = PBXNativeTarget;
			buildConfigurationList = DD7502821C68FCFC006590AF /* Build configuration list for PBXNativeTarget "Jetpack-macOS Tests" */;
			buildPhases = (
				DD7502761C68FCFC006590AF /* Sources */,
				DD7502771C68FCFC006590AF /* Frameworks */,
				DD7502781C68FCFC006590AF /* Resources */,
			);
			buildRules = (
			);
			dependencies = (
				DD7502811C68FCFC006590AF /* PBXTargetDependency */,
			);
			name = "Jetpack-macOS Tests";
			productName = "Jetpack-OS Tests";
			productReference = DD75027A1C68FCFC006590AF /* Jetpack-macOS Tests.xctest */;
			productType = "com.apple.product-type.bundle.unit-test";
		};
		DD75028C1C690C7A006590AF /* Jetpack-tvOS Tests */ = {
			isa = PBXNativeTarget;
			buildConfigurationList = DD7502951C690C7A006590AF /* Build configuration list for PBXNativeTarget "Jetpack-tvOS Tests" */;
			buildPhases = (
				DD7502891C690C7A006590AF /* Sources */,
				DD75028A1C690C7A006590AF /* Frameworks */,
				DD75028B1C690C7A006590AF /* Resources */,
			);
			buildRules = (
			);
			dependencies = (
				DD7502941C690C7A006590AF /* PBXTargetDependency */,
			);
			name = "Jetpack-tvOS Tests";
			productName = "Jetpack-tvOS Tests";
			productReference = DD75028D1C690C7A006590AF /* Jetpack-tvOS Tests.xctest */;
			productType = "com.apple.product-type.bundle.unit-test";
		};
/* End PBXNativeTarget section */

/* Begin PBXProject section */
		52D6D9731BEFF229002C0205 /* Project object */ = {
			isa = PBXProject;
			attributes = {
				LastSwiftUpdateCheck = 0830;
				LastUpgradeCheck = 0810;
				ORGANIZATIONNAME = Jetpack;
				TargetAttributes = {
					1B6E879B1E9CD7C90063D5EB = {
						CreatedOnToolsVersion = 8.3.1;
						ProvisioningStyle = Automatic;
					};
					52D6D97B1BEFF229002C0205 = {
						CreatedOnToolsVersion = 7.1;
						LastSwiftMigration = 0800;
					};
					52D6D9851BEFF229002C0205 = {
						CreatedOnToolsVersion = 7.1;
						LastSwiftMigration = 0800;
						TestTargetID = 1B6E879B1E9CD7C90063D5EB;
					};
					52D6D9E11BEFFF6E002C0205 = {
						CreatedOnToolsVersion = 7.1;
						LastSwiftMigration = 0800;
					};
					52D6D9EF1BEFFFBE002C0205 = {
						CreatedOnToolsVersion = 7.1;
						LastSwiftMigration = 0800;
					};
					52D6DA0E1BF000BD002C0205 = {
						CreatedOnToolsVersion = 7.1;
						LastSwiftMigration = 0800;
					};
					DD7502791C68FCFC006590AF = {
						CreatedOnToolsVersion = 7.2.1;
						LastSwiftMigration = 0800;
					};
					DD75028C1C690C7A006590AF = {
						CreatedOnToolsVersion = 7.2.1;
						LastSwiftMigration = 0800;
					};
				};
			};
			buildConfigurationList = 52D6D9761BEFF229002C0205 /* Build configuration list for PBXProject "Jetpack" */;
			compatibilityVersion = "Xcode 6.3";
			developmentRegion = English;
			hasScannedForEncodings = 0;
			knownRegions = (
				en,
				Base,
			);
			mainGroup = 52D6D9721BEFF229002C0205;
			productRefGroup = 52D6D97D1BEFF229002C0205 /* Products */;
			projectDirPath = "";
			projectRoot = "";
			targets = (
				52D6D97B1BEFF229002C0205 /* Jetpack-iOS */,
				52D6DA0E1BF000BD002C0205 /* Jetpack-macOS */,
				52D6D9E11BEFFF6E002C0205 /* Jetpack-watchOS */,
				52D6D9EF1BEFFFBE002C0205 /* Jetpack-tvOS */,
				52D6D9851BEFF229002C0205 /* Jetpack-iOS Tests */,
				DD7502791C68FCFC006590AF /* Jetpack-macOS Tests */,
				DD75028C1C690C7A006590AF /* Jetpack-tvOS Tests */,
				1B6E879B1E9CD7C90063D5EB /* Demo */,
			);
		};
/* End PBXProject section */

/* Begin PBXResourcesBuildPhase section */
		1B6E879A1E9CD7C90063D5EB /* Resources */ = {
			isa = PBXResourcesBuildPhase;
			buildActionMask = 2147483647;
			files = (
				1B6E87A91E9CD7C90063D5EB /* LaunchScreen.storyboard in Resources */,
				1B6E87A61E9CD7C90063D5EB /* Assets.xcassets in Resources */,
				1B6E87A41E9CD7C90063D5EB /* Main.storyboard in Resources */,
			);
			runOnlyForDeploymentPostprocessing = 0;
		};
		52D6D97A1BEFF229002C0205 /* Resources */ = {
			isa = PBXResourcesBuildPhase;
			buildActionMask = 2147483647;
			files = (
			);
			runOnlyForDeploymentPostprocessing = 0;
		};
		52D6D9841BEFF229002C0205 /* Resources */ = {
			isa = PBXResourcesBuildPhase;
			buildActionMask = 2147483647;
			files = (
			);
			runOnlyForDeploymentPostprocessing = 0;
		};
		52D6D9E01BEFFF6E002C0205 /* Resources */ = {
			isa = PBXResourcesBuildPhase;
			buildActionMask = 2147483647;
			files = (
			);
			runOnlyForDeploymentPostprocessing = 0;
		};
		52D6D9EE1BEFFFBE002C0205 /* Resources */ = {
			isa = PBXResourcesBuildPhase;
			buildActionMask = 2147483647;
			files = (
			);
			runOnlyForDeploymentPostprocessing = 0;
		};
		52D6DA0D1BF000BD002C0205 /* Resources */ = {
			isa = PBXResourcesBuildPhase;
			buildActionMask = 2147483647;
			files = (
			);
			runOnlyForDeploymentPostprocessing = 0;
		};
		DD7502781C68FCFC006590AF /* Resources */ = {
			isa = PBXResourcesBuildPhase;
			buildActionMask = 2147483647;
			files = (
			);
			runOnlyForDeploymentPostprocessing = 0;
		};
		DD75028B1C690C7A006590AF /* Resources */ = {
			isa = PBXResourcesBuildPhase;
			buildActionMask = 2147483647;
			files = (
			);
			runOnlyForDeploymentPostprocessing = 0;
		};
/* End PBXResourcesBuildPhase section */

/* Begin PBXSourcesBuildPhase section */
		1B6E87981E9CD7C90063D5EB /* Sources */ = {
			isa = PBXSourcesBuildPhase;
			buildActionMask = 2147483647;
			files = (
				1B6E87A11E9CD7C90063D5EB /* ViewController.swift in Sources */,
				1B6E879F1E9CD7C90063D5EB /* AppDelegate.swift in Sources */,
			);
			runOnlyForDeploymentPostprocessing = 0;
		};
		52D6D9771BEFF229002C0205 /* Sources */ = {
			isa = PBXSourcesBuildPhase;
			buildActionMask = 2147483647;
			files = (
				1B6E87191E9ADB540063D5EB /* Observable+Math.swift in Sources */,
				1B6E87311E9ADB540063D5EB /* UIRefreshControl.swift in Sources */,
				1B6E872A1E9ADB540063D5EB /* UIBarItem.swift in Sources */,
				1B6E871B1E9ADB540063D5EB /* Observable+Result.swift in Sources */,
				1B6E872B1E9ADB540063D5EB /* UIButton.swift in Sources */,
				1B6E87BB1E9CEA950063D5EB /* Observer.swift in Sources */,
				1B6E87321E9ADB540063D5EB /* UISegmentedControl.swift in Sources */,
				1B6E871E1E9ADB540063D5EB /* Property.swift in Sources */,
				1B6E872C1E9ADB540063D5EB /* UIControl.swift in Sources */,
				1B6E871D1E9ADB540063D5EB /* Observable+Transforming.swift in Sources */,
				1B6E87361E9ADB540063D5EB /* UITextField.swift in Sources */,
				1BA2EF731E9E412400B92618 /* Observable+Task.swift in Sources */,
				1B6E88411E9E17250063D5EB /* DispatchQueue+Requester.swift in Sources */,
				1B6E872D1E9ADB540063D5EB /* UIGestureRecognizer.swift in Sources */,
				1B6E87331E9ADB540063D5EB /* UISlider.swift in Sources */,
				1B6E88531E9E18B40063D5EB /* Either.swift in Sources */,
				1B6E87141E9ADB540063D5EB /* Observable+Dispatch.swift in Sources */,
				1B6E87101E9ADB540063D5EB /* Observable.swift in Sources */,
				1B6E87261E9ADB540063D5EB /* Tuples+Repack.swift in Sources */,
				1B6E88321E9E170B0063D5EB /* Disposable.swift in Sources */,
				1B8649A31EA0DCBB00D30004 /* NotificationCenter.swift in Sources */,
				1B6E87221E9ADB540063D5EB /* State.swift in Sources */,
				1B6E872E1E9ADB540063D5EB /* UIImageView.swift in Sources */,
				1B6E87111E9ADB540063D5EB /* Observable+Binding.swift in Sources */,
				1B6E87161E9ADB540063D5EB /* Observable+FlatMap.swift in Sources */,
				1B8649A61EA0DD0700D30004 /* NSObject+Jetpack.swift in Sources */,
				1B6E87131E9ADB540063D5EB /* Observable+Combining.swift in Sources */,
				1B6E87371E9ADB540063D5EB /* UITextView.swift in Sources */,
				1B6E87291E9ADB540063D5EB /* UIBarButtonItem.swift in Sources */,
				1B6E872F1E9ADB540063D5EB /* UILabel.swift in Sources */,
				1B6E87351E9ADB540063D5EB /* UISwitch.swift in Sources */,
				1BE3CD181EA5150F00C9B0F5 /* Observable+Commit.swift in Sources */,
				1B6E87391E9ADB540063D5EB /* UIView.swift in Sources */,
				1B6E870D1E9ADB540063D5EB /* Receiver.swift in Sources */,
				1B6E87121E9ADB540063D5EB /* Observable+Buffering.swift in Sources */,
				1B6E87341E9ADB540063D5EB /* UIStepper.swift in Sources */,
				1B6E87301E9ADB540063D5EB /* UIProgressView.swift in Sources */,
				1B4939671E9E34100005452A /* Result.swift in Sources */,
				52D6D9981BEFF375002C0205 /* Jetpack.swift in Sources */,
				1B6E87181E9ADB540063D5EB /* Observable+Logging.swift in Sources */,
				1B6E883C1E9E17180063D5EB /* Task.swift in Sources */,
				1B6E871A1E9ADB540063D5EB /* Observable+Optional.swift in Sources */,
				1B6E87151E9ADB540063D5EB /* Observable+Filtering.swift in Sources */,
				1B6E87E71E9E15E30063D5EB /* UIView+Task.swift in Sources */,
				1B6E87281E9ADB540063D5EB /* UIActivityIndicatorView.swift in Sources */,
				1B6E87211E9ADB540063D5EB /* Signal.swift in Sources */,
				1BF014711EA208230061B4D9 /* Variable.swift in Sources */,
			);
			runOnlyForDeploymentPostprocessing = 0;
		};
		52D6D9821BEFF229002C0205 /* Sources */ = {
			isa = PBXSourcesBuildPhase;
			buildActionMask = 2147483647;
			files = (
				1B6E88451E9E17850063D5EB /* TaskTests.swift in Sources */,
				52D6D99B1BEFF375002C0205 /* JetpackTests.swift in Sources */,
			);
			runOnlyForDeploymentPostprocessing = 0;
		};
		52D6D9DD1BEFFF6E002C0205 /* Sources */ = {
			isa = PBXSourcesBuildPhase;
			buildActionMask = 2147483647;
			files = (
				1B6E87871E9ADC280063D5EB /* Observable+Transforming.swift in Sources */,
				1B6E87841E9ADC270063D5EB /* Observable+Optional.swift in Sources */,
				1B6E88341E9E170B0063D5EB /* Disposable.swift in Sources */,
				1B6E877B1E9ADC270063D5EB /* Observable+Binding.swift in Sources */,
				1B6E877F1E9ADC270063D5EB /* Observable+Filtering.swift in Sources */,
				1B6E87801E9ADC270063D5EB /* Observable+FlatMap.swift in Sources */,
				1B6E87521E9ADC1E0063D5EB /* Property.swift in Sources */,
				1B6E87531E9ADC1E0063D5EB /* Signal.swift in Sources */,
				1B6E876B1E9ADC230063D5EB /* Tuples+Repack.swift in Sources */,
				1B6E87511E9ADC1E0063D5EB /* Observable.swift in Sources */,
				1B6E88431E9E17250063D5EB /* DispatchQueue+Requester.swift in Sources */,
				1B6E877D1E9ADC270063D5EB /* Observable+Combining.swift in Sources */,
				1B6E877E1E9ADC270063D5EB /* Observable+Dispatch.swift in Sources */,
				1BF014841EA208460061B4D9 /* NSObject+Jetpack.swift in Sources */,
				1BF0147C1EA208360061B4D9 /* Observable+Task.swift in Sources */,
				1B6E874F1E9ADC1E0063D5EB /* Receiver.swift in Sources */,
				1B6E87851E9ADC270063D5EB /* Observable+Result.swift in Sources */,
				1BE3CD1A1EA5150F00C9B0F5 /* Observable+Commit.swift in Sources */,
				1B6E87541E9ADC1E0063D5EB /* State.swift in Sources */,
				1BF0147F1EA208360061B4D9 /* Result.swift in Sources */,
				1BF014741EA208290061B4D9 /* Observer.swift in Sources */,
				1BF014801EA208360061B4D9 /* Either.swift in Sources */,
				1B6E87831E9ADC270063D5EB /* Observable+Math.swift in Sources */,
				1B6E877C1E9ADC270063D5EB /* Observable+Buffering.swift in Sources */,
				1BF014751EA208290061B4D9 /* Variable.swift in Sources */,
				1BF0147B1EA208360061B4D9 /* Task.swift in Sources */,
				1BF014851EA208460061B4D9 /* NotificationCenter.swift in Sources */,
				52D6D9EA1BEFFFA4002C0205 /* Jetpack.swift in Sources */,
				1B6E87821E9ADC270063D5EB /* Observable+Logging.swift in Sources */,
			);
			runOnlyForDeploymentPostprocessing = 0;
		};
		52D6D9EB1BEFFFBE002C0205 /* Sources */ = {
			isa = PBXSourcesBuildPhase;
			buildActionMask = 2147483647;
			files = (
				1B6E87941E9ADC280063D5EB /* Observable+Transforming.swift in Sources */,
				1B6E87FD1E9E15F20063D5EB /* UIBarButtonItem.swift in Sources */,
				1B6E87911E9ADC280063D5EB /* Observable+Optional.swift in Sources */,
				1B6E88351E9E170B0063D5EB /* Disposable.swift in Sources */,
				1BF014811EA208360061B4D9 /* Result.swift in Sources */,
				1B6E87881E9ADC280063D5EB /* Observable+Binding.swift in Sources */,
				1B6E878C1E9ADC280063D5EB /* Observable+Filtering.swift in Sources */,
				1B6E88031E9E15F20063D5EB /* UILabel.swift in Sources */,
				1B6E878D1E9ADC280063D5EB /* Observable+FlatMap.swift in Sources */,
				1B6E87EB1E9E15E90063D5EB /* UIView.swift in Sources */,
				1B6E875D1E9ADC1E0063D5EB /* Property.swift in Sources */,
				1B6E87FE1E9E15F20063D5EB /* UIBarItem.swift in Sources */,
				1B6E88001E9E15F20063D5EB /* UIButton.swift in Sources */,
				1B6E875E1E9ADC1E0063D5EB /* Signal.swift in Sources */,
				1B6E876D1E9ADC230063D5EB /* Tuples+Repack.swift in Sources */,
				1B6E875C1E9ADC1E0063D5EB /* Observable.swift in Sources */,
				1B6E88061E9E15F20063D5EB /* UISegmentedControl.swift in Sources */,
				1B6E880B1E9E15F20063D5EB /* UITextView.swift in Sources */,
				1B6E88441E9E17250063D5EB /* DispatchQueue+Requester.swift in Sources */,
				1B6E878A1E9ADC280063D5EB /* Observable+Combining.swift in Sources */,
				1BF014861EA208460061B4D9 /* NSObject+Jetpack.swift in Sources */,
				1B6E88021E9E15F20063D5EB /* UIImageView.swift in Sources */,
				1B6E878B1E9ADC280063D5EB /* Observable+Dispatch.swift in Sources */,
				1B6E88011E9E15F20063D5EB /* UIGestureRecognizer.swift in Sources */,
				1B6E87FF1E9E15F20063D5EB /* UIControl.swift in Sources */,
				1B6E875A1E9ADC1E0063D5EB /* Receiver.swift in Sources */,
				1B6E87921E9ADC280063D5EB /* Observable+Result.swift in Sources */,
				1BE3CD1B1EA5150F00C9B0F5 /* Observable+Commit.swift in Sources */,
				1B6E88561E9E18B40063D5EB /* Either.swift in Sources */,
				1B6E880A1E9E15F20063D5EB /* UITextField.swift in Sources */,
				1B6E875F1E9ADC1E0063D5EB /* State.swift in Sources */,
				1B6E87E91E9E15E30063D5EB /* UIView+Task.swift in Sources */,
				1BF014761EA208290061B4D9 /* Observer.swift in Sources */,
				1B6E87FC1E9E15F20063D5EB /* UIActivityIndicatorView.swift in Sources */,
				1B6E87901E9ADC280063D5EB /* Observable+Math.swift in Sources */,
				1B6E87891E9ADC280063D5EB /* Observable+Buffering.swift in Sources */,
				1B6E88041E9E15F20063D5EB /* UIProgressView.swift in Sources */,
				1BF014771EA208290061B4D9 /* Variable.swift in Sources */,
				1BA2EF761E9E412400B92618 /* Observable+Task.swift in Sources */,
				52D6DA091BF00081002C0205 /* Jetpack.swift in Sources */,
				1BF014871EA208460061B4D9 /* NotificationCenter.swift in Sources */,
				1B6E883F1E9E17180063D5EB /* Task.swift in Sources */,
				1B6E878F1E9ADC280063D5EB /* Observable+Logging.swift in Sources */,
			);
			runOnlyForDeploymentPostprocessing = 0;
		};
		52D6DA0A1BF000BD002C0205 /* Sources */ = {
			isa = PBXSourcesBuildPhase;
			buildActionMask = 2147483647;
			files = (
				1BE3CD191EA5150F00C9B0F5 /* Observable+Commit.swift in Sources */,
				1B6E877A1E9ADC270063D5EB /* Observable+Transforming.swift in Sources */,
				1BF014731EA208280061B4D9 /* Variable.swift in Sources */,
				1B6E87771E9ADC270063D5EB /* Observable+Optional.swift in Sources */,
				1B6E876E1E9ADC270063D5EB /* Observable+Binding.swift in Sources */,
				1B6E87721E9ADC270063D5EB /* Observable+Filtering.swift in Sources */,
				1BF014781EA208340061B4D9 /* Result.swift in Sources */,
				1BF014721EA208280061B4D9 /* Observer.swift in Sources */,
				1B6E87731E9ADC270063D5EB /* Observable+FlatMap.swift in Sources */,
				1B6E87471E9ADC1D0063D5EB /* Property.swift in Sources */,
				1B6E87481E9ADC1D0063D5EB /* Signal.swift in Sources */,
				1B6E87691E9ADC220063D5EB /* Tuples+Repack.swift in Sources */,
				1B6E87461E9ADC1D0063D5EB /* Observable.swift in Sources */,
				1B6E883D1E9E17180063D5EB /* Task.swift in Sources */,
				1BF014821EA208450061B4D9 /* NSObject+Jetpack.swift in Sources */,
				1B6E87701E9ADC270063D5EB /* Observable+Combining.swift in Sources */,
				1B6E87711E9ADC270063D5EB /* Observable+Dispatch.swift in Sources */,
				1B6E88541E9E18B40063D5EB /* Either.swift in Sources */,
				1B6E88421E9E17250063D5EB /* DispatchQueue+Requester.swift in Sources */,
				1B6E87441E9ADC1D0063D5EB /* Receiver.swift in Sources */,
				1B6E87781E9ADC270063D5EB /* Observable+Result.swift in Sources */,
				1B6E87491E9ADC1D0063D5EB /* State.swift in Sources */,
				1B6E87761E9ADC270063D5EB /* Observable+Math.swift in Sources */,
				1B6E876F1E9ADC270063D5EB /* Observable+Buffering.swift in Sources */,
				1BF014831EA208450061B4D9 /* NotificationCenter.swift in Sources */,
				1BA2EF741E9E412400B92618 /* Observable+Task.swift in Sources */,
				1B6E88331E9E170B0063D5EB /* Disposable.swift in Sources */,
				1B6E87671E9ADC220063D5EB /* Jetpack.swift in Sources */,
				1B6E87751E9ADC270063D5EB /* Observable+Logging.swift in Sources */,
			);
			runOnlyForDeploymentPostprocessing = 0;
		};
		DD7502761C68FCFC006590AF /* Sources */ = {
			isa = PBXSourcesBuildPhase;
			buildActionMask = 2147483647;
			files = (
				1B6E88461E9E17850063D5EB /* TaskTests.swift in Sources */,
				DD7502861C68FDDC006590AF /* JetpackTests.swift in Sources */,
			);
			runOnlyForDeploymentPostprocessing = 0;
		};
		DD7502891C690C7A006590AF /* Sources */ = {
			isa = PBXSourcesBuildPhase;
			buildActionMask = 2147483647;
			files = (
				1B6E88471E9E17860063D5EB /* TaskTests.swift in Sources */,
				DD75029A1C690CBE006590AF /* JetpackTests.swift in Sources */,
			);
			runOnlyForDeploymentPostprocessing = 0;
		};
/* End PBXSourcesBuildPhase section */

/* Begin PBXTargetDependency section */
		1B6E87AF1E9CD7CF0063D5EB /* PBXTargetDependency */ = {
			isa = PBXTargetDependency;
			target = 1B6E879B1E9CD7C90063D5EB /* Demo */;
			targetProxy = 1B6E87AE1E9CD7CF0063D5EB /* PBXContainerItemProxy */;
		};
		52D6D9891BEFF229002C0205 /* PBXTargetDependency */ = {
			isa = PBXTargetDependency;
			target = 52D6D97B1BEFF229002C0205 /* Jetpack-iOS */;
			targetProxy = 52D6D9881BEFF229002C0205 /* PBXContainerItemProxy */;
		};
		DD7502811C68FCFC006590AF /* PBXTargetDependency */ = {
			isa = PBXTargetDependency;
			target = 52D6DA0E1BF000BD002C0205 /* Jetpack-macOS */;
			targetProxy = DD7502801C68FCFC006590AF /* PBXContainerItemProxy */;
		};
		DD7502941C690C7A006590AF /* PBXTargetDependency */ = {
			isa = PBXTargetDependency;
			target = 52D6D9EF1BEFFFBE002C0205 /* Jetpack-tvOS */;
			targetProxy = DD7502931C690C7A006590AF /* PBXContainerItemProxy */;
		};
/* End PBXTargetDependency section */

/* Begin PBXVariantGroup section */
		1B6E87A21E9CD7C90063D5EB /* Main.storyboard */ = {
			isa = PBXVariantGroup;
			children = (
				1B6E87A31E9CD7C90063D5EB /* Base */,
			);
			name = Main.storyboard;
			sourceTree = "<group>";
		};
		1B6E87A71E9CD7C90063D5EB /* LaunchScreen.storyboard */ = {
			isa = PBXVariantGroup;
			children = (
				1B6E87A81E9CD7C90063D5EB /* Base */,
			);
			name = LaunchScreen.storyboard;
			sourceTree = "<group>";
		};
/* End PBXVariantGroup section */

/* Begin XCBuildConfiguration section */
		1B6E87AC1E9CD7C90063D5EB /* Debug */ = {
			isa = XCBuildConfiguration;
			buildSettings = {
				ASSETCATALOG_COMPILER_APPICON_NAME = AppIcon;
				CLANG_ANALYZER_NONNULL = YES;
				CLANG_ANALYZER_NUMBER_OBJECT_CONVERSION = YES_AGGRESSIVE;
				CLANG_WARN_DOCUMENTATION_COMMENTS = YES;
				INFOPLIST_FILE = Demo/Info.plist;
				IPHONEOS_DEPLOYMENT_TARGET = 8.0;
				LD_RUNPATH_SEARCH_PATHS = "$(inherited) @executable_path/Frameworks";
				PRODUCT_BUNDLE_IDENTIFIER = org.psharanda.jetpack.Demo;
				PRODUCT_NAME = "$(TARGET_NAME)";
				SWIFT_ACTIVE_COMPILATION_CONDITIONS = DEBUG;
				SWIFT_VERSION = 3.0;
			};
			name = Debug;
		};
		1B6E87AD1E9CD7C90063D5EB /* Release */ = {
			isa = XCBuildConfiguration;
			buildSettings = {
				ASSETCATALOG_COMPILER_APPICON_NAME = AppIcon;
				CLANG_ANALYZER_NONNULL = YES;
				CLANG_ANALYZER_NUMBER_OBJECT_CONVERSION = YES_AGGRESSIVE;
				CLANG_WARN_DOCUMENTATION_COMMENTS = YES;
				INFOPLIST_FILE = Demo/Info.plist;
				IPHONEOS_DEPLOYMENT_TARGET = 8.0;
				LD_RUNPATH_SEARCH_PATHS = "$(inherited) @executable_path/Frameworks";
				PRODUCT_BUNDLE_IDENTIFIER = org.psharanda.jetpack.Demo;
				PRODUCT_NAME = "$(TARGET_NAME)";
				SWIFT_OPTIMIZATION_LEVEL = "-Owholemodule";
				SWIFT_VERSION = 3.0;
			};
			name = Release;
		};
		52D6D98E1BEFF229002C0205 /* Debug */ = {
			isa = XCBuildConfiguration;
			buildSettings = {
				ALWAYS_SEARCH_USER_PATHS = NO;
				CLANG_CXX_LANGUAGE_STANDARD = "gnu++0x";
				CLANG_CXX_LIBRARY = "libc++";
				CLANG_ENABLE_MODULES = YES;
				CLANG_ENABLE_OBJC_ARC = YES;
				CLANG_WARN_BOOL_CONVERSION = YES;
				CLANG_WARN_CONSTANT_CONVERSION = YES;
				CLANG_WARN_DIRECT_OBJC_ISA_USAGE = YES_ERROR;
				CLANG_WARN_EMPTY_BODY = YES;
				CLANG_WARN_ENUM_CONVERSION = YES;
				CLANG_WARN_INFINITE_RECURSION = YES;
				CLANG_WARN_INT_CONVERSION = YES;
				CLANG_WARN_OBJC_ROOT_CLASS = YES_ERROR;
				CLANG_WARN_SUSPICIOUS_MOVE = YES;
				CLANG_WARN_UNREACHABLE_CODE = YES;
				CLANG_WARN__DUPLICATE_METHOD_MATCH = YES;
				"CODE_SIGN_IDENTITY[sdk=iphoneos*]" = "iPhone Developer";
				COPY_PHASE_STRIP = NO;
				CURRENT_PROJECT_VERSION = 1;
				DEBUG_INFORMATION_FORMAT = dwarf;
				ENABLE_STRICT_OBJC_MSGSEND = YES;
				ENABLE_TESTABILITY = YES;
				GCC_C_LANGUAGE_STANDARD = gnu99;
				GCC_DYNAMIC_NO_PIC = NO;
				GCC_NO_COMMON_BLOCKS = YES;
				GCC_OPTIMIZATION_LEVEL = 0;
				GCC_PREPROCESSOR_DEFINITIONS = (
					"DEBUG=1",
					"$(inherited)",
				);
				GCC_WARN_64_TO_32_BIT_CONVERSION = YES;
				GCC_WARN_ABOUT_RETURN_TYPE = YES_ERROR;
				GCC_WARN_UNDECLARED_SELECTOR = YES;
				GCC_WARN_UNINITIALIZED_AUTOS = YES_AGGRESSIVE;
				GCC_WARN_UNUSED_FUNCTION = YES;
				GCC_WARN_UNUSED_VARIABLE = YES;
				IPHONEOS_DEPLOYMENT_TARGET = 8.0;
				MTL_ENABLE_DEBUG_INFO = YES;
				ONLY_ACTIVE_ARCH = YES;
				SDKROOT = iphoneos;
				SWIFT_OPTIMIZATION_LEVEL = "-Onone";
				SWIFT_VERSION = 3.0;
				TARGETED_DEVICE_FAMILY = "1,2";
				VERSIONING_SYSTEM = "apple-generic";
				VERSION_INFO_PREFIX = "";
			};
			name = Debug;
		};
		52D6D98F1BEFF229002C0205 /* Release */ = {
			isa = XCBuildConfiguration;
			buildSettings = {
				ALWAYS_SEARCH_USER_PATHS = NO;
				CLANG_CXX_LANGUAGE_STANDARD = "gnu++0x";
				CLANG_CXX_LIBRARY = "libc++";
				CLANG_ENABLE_MODULES = YES;
				CLANG_ENABLE_OBJC_ARC = YES;
				CLANG_WARN_BOOL_CONVERSION = YES;
				CLANG_WARN_CONSTANT_CONVERSION = YES;
				CLANG_WARN_DIRECT_OBJC_ISA_USAGE = YES_ERROR;
				CLANG_WARN_EMPTY_BODY = YES;
				CLANG_WARN_ENUM_CONVERSION = YES;
				CLANG_WARN_INFINITE_RECURSION = YES;
				CLANG_WARN_INT_CONVERSION = YES;
				CLANG_WARN_OBJC_ROOT_CLASS = YES_ERROR;
				CLANG_WARN_SUSPICIOUS_MOVE = YES;
				CLANG_WARN_UNREACHABLE_CODE = YES;
				CLANG_WARN__DUPLICATE_METHOD_MATCH = YES;
				"CODE_SIGN_IDENTITY[sdk=iphoneos*]" = "iPhone Developer";
				COPY_PHASE_STRIP = NO;
				CURRENT_PROJECT_VERSION = 1;
				DEBUG_INFORMATION_FORMAT = "dwarf-with-dsym";
				ENABLE_NS_ASSERTIONS = NO;
				ENABLE_STRICT_OBJC_MSGSEND = YES;
				GCC_C_LANGUAGE_STANDARD = gnu99;
				GCC_NO_COMMON_BLOCKS = YES;
				GCC_WARN_64_TO_32_BIT_CONVERSION = YES;
				GCC_WARN_ABOUT_RETURN_TYPE = YES_ERROR;
				GCC_WARN_UNDECLARED_SELECTOR = YES;
				GCC_WARN_UNINITIALIZED_AUTOS = YES_AGGRESSIVE;
				GCC_WARN_UNUSED_FUNCTION = YES;
				GCC_WARN_UNUSED_VARIABLE = YES;
				IPHONEOS_DEPLOYMENT_TARGET = 8.0;
				MTL_ENABLE_DEBUG_INFO = NO;
				SDKROOT = iphoneos;
				SWIFT_VERSION = 3.0;
				TARGETED_DEVICE_FAMILY = "1,2";
				VALIDATE_PRODUCT = YES;
				VERSIONING_SYSTEM = "apple-generic";
				VERSION_INFO_PREFIX = "";
			};
			name = Release;
		};
		52D6D9911BEFF229002C0205 /* Debug */ = {
			isa = XCBuildConfiguration;
			buildSettings = {
				APPLICATION_EXTENSION_API_ONLY = YES;
				CLANG_ENABLE_MODULES = YES;
				"CODE_SIGN_IDENTITY[sdk=iphoneos*]" = "";
				DEFINES_MODULE = YES;
				DYLIB_COMPATIBILITY_VERSION = 1;
				DYLIB_CURRENT_VERSION = 1;
				DYLIB_INSTALL_NAME_BASE = "@rpath";
				INFOPLIST_FILE = Configs/Jetpack.plist;
				INSTALL_PATH = "$(LOCAL_LIBRARY_DIR)/Frameworks";
				IPHONEOS_DEPLOYMENT_TARGET = 8.0;
				LD_RUNPATH_SEARCH_PATHS = "$(inherited) @executable_path/Frameworks @loader_path/Frameworks";
				ONLY_ACTIVE_ARCH = NO;
				PRODUCT_BUNDLE_IDENTIFIER = "com.Jetpack.Jetpack-iOS";
				PRODUCT_NAME = Jetpack;
				SKIP_INSTALL = YES;
				SWIFT_OPTIMIZATION_LEVEL = "-Onone";
				SWIFT_VERSION = 3.0;
			};
			name = Debug;
		};
		52D6D9921BEFF229002C0205 /* Release */ = {
			isa = XCBuildConfiguration;
			buildSettings = {
				APPLICATION_EXTENSION_API_ONLY = YES;
				CLANG_ENABLE_MODULES = YES;
				"CODE_SIGN_IDENTITY[sdk=iphoneos*]" = "";
				DEFINES_MODULE = YES;
				DYLIB_COMPATIBILITY_VERSION = 1;
				DYLIB_CURRENT_VERSION = 1;
				DYLIB_INSTALL_NAME_BASE = "@rpath";
				INFOPLIST_FILE = Configs/Jetpack.plist;
				INSTALL_PATH = "$(LOCAL_LIBRARY_DIR)/Frameworks";
				IPHONEOS_DEPLOYMENT_TARGET = 8.0;
				LD_RUNPATH_SEARCH_PATHS = "$(inherited) @executable_path/Frameworks @loader_path/Frameworks";
				PRODUCT_BUNDLE_IDENTIFIER = "com.Jetpack.Jetpack-iOS";
				PRODUCT_NAME = Jetpack;
				SKIP_INSTALL = YES;
				SWIFT_OPTIMIZATION_LEVEL = "-Owholemodule";
				SWIFT_VERSION = 3.0;
			};
			name = Release;
		};
		52D6D9941BEFF229002C0205 /* Debug */ = {
			isa = XCBuildConfiguration;
			buildSettings = {
				CLANG_ENABLE_MODULES = YES;
				INFOPLIST_FILE = Configs/JetpackTests.plist;
				LD_RUNPATH_SEARCH_PATHS = "$(inherited) @executable_path/Frameworks @loader_path/Frameworks";
				PRODUCT_BUNDLE_IDENTIFIER = "com.Jetpack.Jetpack-iOS-Tests";
				PRODUCT_NAME = "$(TARGET_NAME)";
				SWIFT_OPTIMIZATION_LEVEL = "-Onone";
				SWIFT_VERSION = 3.0;
				TEST_HOST = "$(BUILT_PRODUCTS_DIR)/Demo.app/Demo";
			};
			name = Debug;
		};
		52D6D9951BEFF229002C0205 /* Release */ = {
			isa = XCBuildConfiguration;
			buildSettings = {
				CLANG_ENABLE_MODULES = YES;
				INFOPLIST_FILE = Configs/JetpackTests.plist;
				LD_RUNPATH_SEARCH_PATHS = "$(inherited) @executable_path/Frameworks @loader_path/Frameworks";
				PRODUCT_BUNDLE_IDENTIFIER = "com.Jetpack.Jetpack-iOS-Tests";
				PRODUCT_NAME = "$(TARGET_NAME)";
				SWIFT_OPTIMIZATION_LEVEL = "-Owholemodule";
				SWIFT_VERSION = 3.0;
				TEST_HOST = "$(BUILT_PRODUCTS_DIR)/Demo.app/Demo";
			};
			name = Release;
		};
		52D6D9E81BEFFF6E002C0205 /* Debug */ = {
			isa = XCBuildConfiguration;
			buildSettings = {
				APPLICATION_EXTENSION_API_ONLY = YES;
				"CODE_SIGN_IDENTITY[sdk=watchos*]" = "";
				DEFINES_MODULE = YES;
				DYLIB_COMPATIBILITY_VERSION = 1;
				DYLIB_CURRENT_VERSION = 1;
				DYLIB_INSTALL_NAME_BASE = "@rpath";
				INFOPLIST_FILE = Configs/Jetpack.plist;
				INSTALL_PATH = "$(LOCAL_LIBRARY_DIR)/Frameworks";
				LD_RUNPATH_SEARCH_PATHS = "$(inherited) @executable_path/Frameworks @loader_path/Frameworks";
				PRODUCT_BUNDLE_IDENTIFIER = "com.Jetpack.Jetpack-watchOS";
				PRODUCT_NAME = Jetpack;
				SDKROOT = watchos;
				SKIP_INSTALL = YES;
				SWIFT_VERSION = 3.0;
				TARGETED_DEVICE_FAMILY = 4;
				WATCHOS_DEPLOYMENT_TARGET = 2.0;
			};
			name = Debug;
		};
		52D6D9E91BEFFF6E002C0205 /* Release */ = {
			isa = XCBuildConfiguration;
			buildSettings = {
				APPLICATION_EXTENSION_API_ONLY = YES;
				"CODE_SIGN_IDENTITY[sdk=watchos*]" = "";
				DEFINES_MODULE = YES;
				DYLIB_COMPATIBILITY_VERSION = 1;
				DYLIB_CURRENT_VERSION = 1;
				DYLIB_INSTALL_NAME_BASE = "@rpath";
				INFOPLIST_FILE = Configs/Jetpack.plist;
				INSTALL_PATH = "$(LOCAL_LIBRARY_DIR)/Frameworks";
				LD_RUNPATH_SEARCH_PATHS = "$(inherited) @executable_path/Frameworks @loader_path/Frameworks";
				PRODUCT_BUNDLE_IDENTIFIER = "com.Jetpack.Jetpack-watchOS";
				PRODUCT_NAME = Jetpack;
				SDKROOT = watchos;
				SKIP_INSTALL = YES;
				SWIFT_OPTIMIZATION_LEVEL = "-Owholemodule";
				SWIFT_VERSION = 3.0;
				TARGETED_DEVICE_FAMILY = 4;
				WATCHOS_DEPLOYMENT_TARGET = 2.0;
			};
			name = Release;
		};
		52D6DA021BEFFFBE002C0205 /* Debug */ = {
			isa = XCBuildConfiguration;
			buildSettings = {
				APPLICATION_EXTENSION_API_ONLY = YES;
				"CODE_SIGN_IDENTITY[sdk=appletvos*]" = "";
				DEFINES_MODULE = YES;
				DYLIB_COMPATIBILITY_VERSION = 1;
				DYLIB_CURRENT_VERSION = 1;
				DYLIB_INSTALL_NAME_BASE = "@rpath";
				INFOPLIST_FILE = Configs/Jetpack.plist;
				INSTALL_PATH = "$(LOCAL_LIBRARY_DIR)/Frameworks";
				LD_RUNPATH_SEARCH_PATHS = "$(inherited) @executable_path/Frameworks @loader_path/Frameworks";
				PRODUCT_BUNDLE_IDENTIFIER = "com.Jetpack.Jetpack-tvOS";
				PRODUCT_NAME = Jetpack;
				SDKROOT = appletvos;
				SKIP_INSTALL = YES;
				SWIFT_VERSION = 3.0;
				TARGETED_DEVICE_FAMILY = 3;
				TVOS_DEPLOYMENT_TARGET = 9.0;
			};
			name = Debug;
		};
		52D6DA031BEFFFBE002C0205 /* Release */ = {
			isa = XCBuildConfiguration;
			buildSettings = {
				APPLICATION_EXTENSION_API_ONLY = YES;
				"CODE_SIGN_IDENTITY[sdk=appletvos*]" = "";
				DEFINES_MODULE = YES;
				DYLIB_COMPATIBILITY_VERSION = 1;
				DYLIB_CURRENT_VERSION = 1;
				DYLIB_INSTALL_NAME_BASE = "@rpath";
				INFOPLIST_FILE = Configs/Jetpack.plist;
				INSTALL_PATH = "$(LOCAL_LIBRARY_DIR)/Frameworks";
				LD_RUNPATH_SEARCH_PATHS = "$(inherited) @executable_path/Frameworks @loader_path/Frameworks";
				PRODUCT_BUNDLE_IDENTIFIER = "com.Jetpack.Jetpack-tvOS";
				PRODUCT_NAME = Jetpack;
				SDKROOT = appletvos;
				SKIP_INSTALL = YES;
				SWIFT_OPTIMIZATION_LEVEL = "-Owholemodule";
				SWIFT_VERSION = 3.0;
				TARGETED_DEVICE_FAMILY = 3;
				TVOS_DEPLOYMENT_TARGET = 9.0;
			};
			name = Release;
		};
		52D6DA211BF000BD002C0205 /* Debug */ = {
			isa = XCBuildConfiguration;
			buildSettings = {
				APPLICATION_EXTENSION_API_ONLY = YES;
				CODE_SIGN_IDENTITY = "-";
				COMBINE_HIDPI_IMAGES = YES;
				DEFINES_MODULE = YES;
				DYLIB_COMPATIBILITY_VERSION = 1;
				DYLIB_CURRENT_VERSION = 1;
				DYLIB_INSTALL_NAME_BASE = "@rpath";
				FRAMEWORK_VERSION = A;
				INFOPLIST_FILE = Configs/Jetpack.plist;
				INSTALL_PATH = "$(LOCAL_LIBRARY_DIR)/Frameworks";
				LD_RUNPATH_SEARCH_PATHS = "$(inherited) @executable_path/../Frameworks @loader_path/Frameworks";
				MACOSX_DEPLOYMENT_TARGET = 10.10;
				PRODUCT_BUNDLE_IDENTIFIER = "com.Jetpack.Jetpack-macOS";
				PRODUCT_NAME = Jetpack;
				SDKROOT = macosx;
				SKIP_INSTALL = YES;
				SWIFT_VERSION = 3.0;
			};
			name = Debug;
		};
		52D6DA221BF000BD002C0205 /* Release */ = {
			isa = XCBuildConfiguration;
			buildSettings = {
				APPLICATION_EXTENSION_API_ONLY = YES;
				CODE_SIGN_IDENTITY = "-";
				COMBINE_HIDPI_IMAGES = YES;
				DEFINES_MODULE = YES;
				DYLIB_COMPATIBILITY_VERSION = 1;
				DYLIB_CURRENT_VERSION = 1;
				DYLIB_INSTALL_NAME_BASE = "@rpath";
				FRAMEWORK_VERSION = A;
				INFOPLIST_FILE = Configs/Jetpack.plist;
				INSTALL_PATH = "$(LOCAL_LIBRARY_DIR)/Frameworks";
				LD_RUNPATH_SEARCH_PATHS = "$(inherited) @executable_path/../Frameworks @loader_path/Frameworks";
				MACOSX_DEPLOYMENT_TARGET = 10.10;
				PRODUCT_BUNDLE_IDENTIFIER = "com.Jetpack.Jetpack-macOS";
				PRODUCT_NAME = Jetpack;
				SDKROOT = macosx;
				SKIP_INSTALL = YES;
				SWIFT_OPTIMIZATION_LEVEL = "-Owholemodule";
				SWIFT_VERSION = 3.0;
			};
			name = Release;
		};
		DD7502831C68FCFC006590AF /* Debug */ = {
			isa = XCBuildConfiguration;
			buildSettings = {
				CODE_SIGN_IDENTITY = "-";
				COMBINE_HIDPI_IMAGES = YES;
				INFOPLIST_FILE = Configs/JetpackTests.plist;
				LD_RUNPATH_SEARCH_PATHS = "$(inherited) @executable_path/../Frameworks @loader_path/../Frameworks";
				MACOSX_DEPLOYMENT_TARGET = 10.11;
				PRODUCT_BUNDLE_IDENTIFIER = "com.Jetpack.Jetpack-macOS-Tests";
				PRODUCT_NAME = "$(TARGET_NAME)";
				SDKROOT = macosx;
				SWIFT_VERSION = 3.0;
			};
			name = Debug;
		};
		DD7502841C68FCFC006590AF /* Release */ = {
			isa = XCBuildConfiguration;
			buildSettings = {
				CODE_SIGN_IDENTITY = "-";
				COMBINE_HIDPI_IMAGES = YES;
				INFOPLIST_FILE = Configs/JetpackTests.plist;
				LD_RUNPATH_SEARCH_PATHS = "$(inherited) @executable_path/../Frameworks @loader_path/../Frameworks";
				MACOSX_DEPLOYMENT_TARGET = 10.11;
				PRODUCT_BUNDLE_IDENTIFIER = "com.Jetpack.Jetpack-macOS-Tests";
				PRODUCT_NAME = "$(TARGET_NAME)";
				SDKROOT = macosx;
				SWIFT_OPTIMIZATION_LEVEL = "-Owholemodule";
				SWIFT_VERSION = 3.0;
			};
			name = Release;
		};
		DD7502961C690C7A006590AF /* Debug */ = {
			isa = XCBuildConfiguration;
			buildSettings = {
				INFOPLIST_FILE = Configs/JetpackTests.plist;
				LD_RUNPATH_SEARCH_PATHS = "$(inherited) @executable_path/Frameworks @loader_path/Frameworks";
				PRODUCT_BUNDLE_IDENTIFIER = "com.Jetpack.Jetpack-tvOS-Tests";
				PRODUCT_NAME = "$(TARGET_NAME)";
				SDKROOT = appletvos;
				SWIFT_VERSION = 3.0;
				TVOS_DEPLOYMENT_TARGET = 9.1;
			};
			name = Debug;
		};
		DD7502971C690C7A006590AF /* Release */ = {
			isa = XCBuildConfiguration;
			buildSettings = {
				INFOPLIST_FILE = Configs/JetpackTests.plist;
				LD_RUNPATH_SEARCH_PATHS = "$(inherited) @executable_path/Frameworks @loader_path/Frameworks";
				PRODUCT_BUNDLE_IDENTIFIER = "com.Jetpack.Jetpack-tvOS-Tests";
				PRODUCT_NAME = "$(TARGET_NAME)";
				SDKROOT = appletvos;
				SWIFT_OPTIMIZATION_LEVEL = "-Owholemodule";
				SWIFT_VERSION = 3.0;
				TVOS_DEPLOYMENT_TARGET = 9.1;
			};
			name = Release;
		};
/* End XCBuildConfiguration section */

/* Begin XCConfigurationList section */
		1B6E87AB1E9CD7C90063D5EB /* Build configuration list for PBXNativeTarget "Demo" */ = {
			isa = XCConfigurationList;
			buildConfigurations = (
				1B6E87AC1E9CD7C90063D5EB /* Debug */,
				1B6E87AD1E9CD7C90063D5EB /* Release */,
			);
			defaultConfigurationIsVisible = 0;
			defaultConfigurationName = Release;
		};
		52D6D9761BEFF229002C0205 /* Build configuration list for PBXProject "Jetpack" */ = {
			isa = XCConfigurationList;
			buildConfigurations = (
				52D6D98E1BEFF229002C0205 /* Debug */,
				52D6D98F1BEFF229002C0205 /* Release */,
			);
			defaultConfigurationIsVisible = 0;
			defaultConfigurationName = Release;
		};
		52D6D9901BEFF229002C0205 /* Build configuration list for PBXNativeTarget "Jetpack-iOS" */ = {
			isa = XCConfigurationList;
			buildConfigurations = (
				52D6D9911BEFF229002C0205 /* Debug */,
				52D6D9921BEFF229002C0205 /* Release */,
			);
			defaultConfigurationIsVisible = 0;
			defaultConfigurationName = Release;
		};
		52D6D9931BEFF229002C0205 /* Build configuration list for PBXNativeTarget "Jetpack-iOS Tests" */ = {
			isa = XCConfigurationList;
			buildConfigurations = (
				52D6D9941BEFF229002C0205 /* Debug */,
				52D6D9951BEFF229002C0205 /* Release */,
			);
			defaultConfigurationIsVisible = 0;
			defaultConfigurationName = Release;
		};
		52D6D9E71BEFFF6E002C0205 /* Build configuration list for PBXNativeTarget "Jetpack-watchOS" */ = {
			isa = XCConfigurationList;
			buildConfigurations = (
				52D6D9E81BEFFF6E002C0205 /* Debug */,
				52D6D9E91BEFFF6E002C0205 /* Release */,
			);
			defaultConfigurationIsVisible = 0;
			defaultConfigurationName = Release;
		};
		52D6DA011BEFFFBE002C0205 /* Build configuration list for PBXNativeTarget "Jetpack-tvOS" */ = {
			isa = XCConfigurationList;
			buildConfigurations = (
				52D6DA021BEFFFBE002C0205 /* Debug */,
				52D6DA031BEFFFBE002C0205 /* Release */,
			);
			defaultConfigurationIsVisible = 0;
			defaultConfigurationName = Release;
		};
		52D6DA201BF000BD002C0205 /* Build configuration list for PBXNativeTarget "Jetpack-macOS" */ = {
			isa = XCConfigurationList;
			buildConfigurations = (
				52D6DA211BF000BD002C0205 /* Debug */,
				52D6DA221BF000BD002C0205 /* Release */,
			);
			defaultConfigurationIsVisible = 0;
			defaultConfigurationName = Release;
		};
		DD7502821C68FCFC006590AF /* Build configuration list for PBXNativeTarget "Jetpack-macOS Tests" */ = {
			isa = XCConfigurationList;
			buildConfigurations = (
				DD7502831C68FCFC006590AF /* Debug */,
				DD7502841C68FCFC006590AF /* Release */,
			);
			defaultConfigurationIsVisible = 0;
			defaultConfigurationName = Release;
		};
		DD7502951C690C7A006590AF /* Build configuration list for PBXNativeTarget "Jetpack-tvOS Tests" */ = {
			isa = XCConfigurationList;
			buildConfigurations = (
				DD7502961C690C7A006590AF /* Debug */,
				DD7502971C690C7A006590AF /* Release */,
			);
			defaultConfigurationIsVisible = 0;
			defaultConfigurationName = Release;
		};
/* End XCConfigurationList section */
	};
	rootObject = 52D6D9731BEFF229002C0205 /* Project object */;
}
